// !$*UTF8*$!
{
	archiveVersion = 1;
	classes = {
	};
	objectVersion = 50;
	objects = {

/* Begin PBXBuildFile section */
		2926D5D921C1207E002E802C /* PersistanceQueue.swift in Sources */ = {isa = PBXBuildFile; fileRef = 2926D5D821C1207E002E802C /* PersistanceQueue.swift */; };
		2926D5DB21C7AAB2002E802C /* Utils.swift in Sources */ = {isa = PBXBuildFile; fileRef = 2926D5DA21C7AAB2002E802C /* Utils.swift */; };
		2926D5EA21C89E97002E802C /* PersistanceQueue.storyboard in Resources */ = {isa = PBXBuildFile; fileRef = 2926D5E921C89E97002E802C /* PersistanceQueue.storyboard */; };
		2926D5EF21C89ECB002E802C /* PersistanceQueueViewController.swift in Sources */ = {isa = PBXBuildFile; fileRef = 2926D5EE21C89ECB002E802C /* PersistanceQueueViewController.swift */; };
		2926D5F321C8DC30002E802C /* GridDragView.swift in Sources */ = {isa = PBXBuildFile; fileRef = 2926D5F221C8DC30002E802C /* GridDragView.swift */; };
		2926D5F621C8E599002E802C /* GirdDragViewViewController.swift in Sources */ = {isa = PBXBuildFile; fileRef = 2926D5F521C8E599002E802C /* GirdDragViewViewController.swift */; };
		292EB0A321BE3C1B00ED37E8 /* SwitchViewController.swift in Sources */ = {isa = PBXBuildFile; fileRef = 292EB0A221BE3C1B00ED37E8 /* SwitchViewController.swift */; };
		292EB0A721BE418D00ED37E8 /* SliderViewController.swift in Sources */ = {isa = PBXBuildFile; fileRef = 292EB0A621BE418D00ED37E8 /* SliderViewController.swift */; };
		292EB0AC21BE429100ED37E8 /* SSBubbleSliderAccessory.swift in Sources */ = {isa = PBXBuildFile; fileRef = 292EB0AB21BE429100ED37E8 /* SSBubbleSliderAccessory.swift */; };
		292EB0AE21BE42AC00ED37E8 /* BubbleSliderViewController.swift in Sources */ = {isa = PBXBuildFile; fileRef = 292EB0AD21BE42AC00ED37E8 /* BubbleSliderViewController.swift */; };
		292EB0B021BE5F9D00ED37E8 /* SSBubbleSlider.swift in Sources */ = {isa = PBXBuildFile; fileRef = 292EB0AF21BE5F9D00ED37E8 /* SSBubbleSlider.swift */; };
		29304B8D21D4E2950033F2C7 /* Sort.swift in Sources */ = {isa = PBXBuildFile; fileRef = 29304B8C21D4E2950033F2C7 /* Sort.swift */; };
		29304B8F21E0B96D0033F2C7 /* Tree.swift in Sources */ = {isa = PBXBuildFile; fileRef = 29304B8E21E0B96D0033F2C7 /* Tree.swift */; };
		2936F49721ABC8D500F69917 /* CheckBoxViewController.swift in Sources */ = {isa = PBXBuildFile; fileRef = 2936F49621ABC8D500F69917 /* CheckBoxViewController.swift */; };
		2936F49A21ABDF1200F69917 /* PictureSwipeVC1.swift in Sources */ = {isa = PBXBuildFile; fileRef = 2936F49921ABDF1200F69917 /* PictureSwipeVC1.swift */; };
		2936F49C21ABE3BC00F69917 /* PictureSwipeVC2.swift in Sources */ = {isa = PBXBuildFile; fileRef = 2936F49B21ABE3BC00F69917 /* PictureSwipeVC2.swift */; };
		2936F49E21ABEA3900F69917 /* SSPictureSwiper.swift in Sources */ = {isa = PBXBuildFile; fileRef = 2936F49D21ABEA3900F69917 /* SSPictureSwiper.swift */; };
		2936F4A321B257EC00F69917 /* SSTwinkle.swift in Sources */ = {isa = PBXBuildFile; fileRef = 2936F4A221B257EC00F69917 /* SSTwinkle.swift */; };
		2936F4A621B25F7D00F69917 /* EmitterAnimationViewController.swift in Sources */ = {isa = PBXBuildFile; fileRef = 2936F4A521B25F7D00F69917 /* EmitterAnimationViewController.swift */; };
		2936F4AA21B25FA700F69917 /* TwinkleViewController.swift in Sources */ = {isa = PBXBuildFile; fileRef = 2936F4A921B25FA700F69917 /* TwinkleViewController.swift */; };
		2936F4AE21B2623100F69917 /* FireworksViewController.swift in Sources */ = {isa = PBXBuildFile; fileRef = 2936F4AD21B2623100F69917 /* FireworksViewController.swift */; };
		2936F4B021B2624E00F69917 /* SSFireworks.swift in Sources */ = {isa = PBXBuildFile; fileRef = 2936F4AF21B2624E00F69917 /* SSFireworks.swift */; };
		2936F4B421B273DF00F69917 /* SSLiquidButton.swift in Sources */ = {isa = PBXBuildFile; fileRef = 2936F4B321B273DF00F69917 /* SSLiquidButton.swift */; };
		2936F4B621B2920B00F69917 /* LiquidButtonViewController.swift in Sources */ = {isa = PBXBuildFile; fileRef = 2936F4B521B2920B00F69917 /* LiquidButtonViewController.swift */; };
		2936F4B821B2958800F69917 /* UINavigationController+Extension.swift in Sources */ = {isa = PBXBuildFile; fileRef = 2936F4B721B2958800F69917 /* UINavigationController+Extension.swift */; };
		2936F4BC21B4C04000F69917 /* SSRippleButton.swift in Sources */ = {isa = PBXBuildFile; fileRef = 2936F4BB21B4C04000F69917 /* SSRippleButton.swift */; };
		2936F4BF21B4C0BE00F69917 /* SSRippleLayer.swift in Sources */ = {isa = PBXBuildFile; fileRef = 2936F4BE21B4C0BE00F69917 /* SSRippleLayer.swift */; };
		2936F4C321B5052A00F69917 /* RippleButtonViewController.swift in Sources */ = {isa = PBXBuildFile; fileRef = 2936F4C221B5052A00F69917 /* RippleButtonViewController.swift */; };
		2936F4C621B50E8500F69917 /* RippleTableViewCell.swift in Sources */ = {isa = PBXBuildFile; fileRef = 2936F4C521B50E8500F69917 /* RippleTableViewCell.swift */; };
		2936F4CD21B538A400F69917 /* SSProgress.swift in Sources */ = {isa = PBXBuildFile; fileRef = 2936F4CC21B538A400F69917 /* SSProgress.swift */; };
		2936F4CF21B5398D00F69917 /* SSProgressCircularLayer.swift in Sources */ = {isa = PBXBuildFile; fileRef = 2936F4CE21B5398D00F69917 /* SSProgressCircularLayer.swift */; };
		2936F4D121B53B8A00F69917 /* SSProgressLayer.swift in Sources */ = {isa = PBXBuildFile; fileRef = 2936F4D021B53B8A00F69917 /* SSProgressLayer.swift */; };
		2936F4D321B6302C00F69917 /* SSProgressLinearLayer.swift in Sources */ = {isa = PBXBuildFile; fileRef = 2936F4D221B6302C00F69917 /* SSProgressLinearLayer.swift */; };
		2936F4D621B6568900F69917 /* ProgressViewController.swift in Sources */ = {isa = PBXBuildFile; fileRef = 2936F4D521B6568900F69917 /* ProgressViewController.swift */; };
		295F211E219FABC6006391D1 /* SSCalendarView.swift in Sources */ = {isa = PBXBuildFile; fileRef = 295F211D219FABC6006391D1 /* SSCalendarView.swift */; };
		295F2123219FB0C5006391D1 /* CalendarViewController.swift in Sources */ = {isa = PBXBuildFile; fileRef = 295F2122219FB0C5006391D1 /* CalendarViewController.swift */; };
		295F2126219FBCF5006391D1 /* SSPhotoAlbumModel.swift in Sources */ = {isa = PBXBuildFile; fileRef = 295F2125219FBCF5006391D1 /* SSPhotoAlbumModel.swift */; };
		295F2128219FBE1F006391D1 /* SSPhotoAlbumCache.swift in Sources */ = {isa = PBXBuildFile; fileRef = 295F2127219FBE1F006391D1 /* SSPhotoAlbumCache.swift */; };
		295F212A219FC087006391D1 /* SSPhotoAlbum.swift in Sources */ = {isa = PBXBuildFile; fileRef = 295F2129219FC087006391D1 /* SSPhotoAlbum.swift */; };
		295F212C219FC94D006391D1 /* SSPhotoCell.swift in Sources */ = {isa = PBXBuildFile; fileRef = 295F212B219FC94D006391D1 /* SSPhotoCell.swift */; };
		295F2131219FEFFA006391D1 /* SSImagePickerController.swift in Sources */ = {isa = PBXBuildFile; fileRef = 295F2130219FEFFA006391D1 /* SSImagePickerController.swift */; };
		295F213421A0115A006391D1 /* Scheduler.swift in Sources */ = {isa = PBXBuildFile; fileRef = 295F213321A0115A006391D1 /* Scheduler.swift */; };
		295F213E21A01F3E006391D1 /* SwipeableView.swift in Sources */ = {isa = PBXBuildFile; fileRef = 295F213B21A01F3E006391D1 /* SwipeableView.swift */; };
		295F214021A01F3E006391D1 /* SwipeableViewManager.swift in Sources */ = {isa = PBXBuildFile; fileRef = 295F213D21A01F3E006391D1 /* SwipeableViewManager.swift */; };
		295F215921A23D4B006391D1 /* SwipeCardViewController.swift in Sources */ = {isa = PBXBuildFile; fileRef = 295F215821A23D4B006391D1 /* SwipeCardViewController.swift */; };
		295F215B21A23EBC006391D1 /* SC1ViewController.swift in Sources */ = {isa = PBXBuildFile; fileRef = 295F215A21A23EBC006391D1 /* SC1ViewController.swift */; };
		295F215D21A23F02006391D1 /* SwipeCardView.swift in Sources */ = {isa = PBXBuildFile; fileRef = 295F215C21A23F02006391D1 /* SwipeCardView.swift */; };
		295F215F21A25307006391D1 /* SC2ViewController.swift in Sources */ = {isa = PBXBuildFile; fileRef = 295F215E21A25307006391D1 /* SC2ViewController.swift */; };
		295F216121A2547A006391D1 /* SC3ViewController.swift in Sources */ = {isa = PBXBuildFile; fileRef = 295F216021A2547A006391D1 /* SC3ViewController.swift */; };
		295F216A21A2616E006391D1 /* PRTween.m in Sources */ = {isa = PBXBuildFile; fileRef = 295F216621A2616E006391D1 /* PRTween.m */; };
		295F216B21A2616E006391D1 /* PRTweenTimingFunctions.m in Sources */ = {isa = PBXBuildFile; fileRef = 295F216821A2616E006391D1 /* PRTweenTimingFunctions.m */; };
		295F216E21A265E6006391D1 /* SSDragBadgeView.swift in Sources */ = {isa = PBXBuildFile; fileRef = 295F216D21A265E6006391D1 /* SSDragBadgeView.swift */; };
		295F217021A2AE25006391D1 /* DragBadgeViewController.swift in Sources */ = {isa = PBXBuildFile; fileRef = 295F216F21A2AE25006391D1 /* DragBadgeViewController.swift */; };
		295F217C21A6B180006391D1 /* SSSwipeAnimator.swift in Sources */ = {isa = PBXBuildFile; fileRef = 295F217B21A6B180006391D1 /* SSSwipeAnimator.swift */; };
		295F217E21A7A1CE006391D1 /* SSSloppySwiper.swift in Sources */ = {isa = PBXBuildFile; fileRef = 295F217D21A7A1CE006391D1 /* SSSloppySwiper.swift */; };
		295F218121A7CBE9006391D1 /* TransitionViewController.swift in Sources */ = {isa = PBXBuildFile; fileRef = 295F218021A7CBE9006391D1 /* TransitionViewController.swift */; };
		295F218321A7CCE2006391D1 /* SloppySwipeVC1.swift in Sources */ = {isa = PBXBuildFile; fileRef = 295F218221A7CCE2006391D1 /* SloppySwipeVC1.swift */; };
		295F218521A7CCF9006391D1 /* SloppySwipeVC2.swift in Sources */ = {isa = PBXBuildFile; fileRef = 295F218421A7CCF9006391D1 /* SloppySwipeVC2.swift */; };
		295F218821A7FFE4006391D1 /* SSPopButton.swift in Sources */ = {isa = PBXBuildFile; fileRef = 295F218721A7FFE4006391D1 /* SSPopButton.swift */; };
		295F218B21A8E7C5006391D1 /* PopButtonViewController.swift in Sources */ = {isa = PBXBuildFile; fileRef = 295F218A21A8E7C5006391D1 /* PopButtonViewController.swift */; };
		295F218E21A92F05006391D1 /* ButtonViewController.swift in Sources */ = {isa = PBXBuildFile; fileRef = 295F218D21A92F05006391D1 /* ButtonViewController.swift */; };
		295F219321A94062006391D1 /* SSCheckBox.swift in Sources */ = {isa = PBXBuildFile; fileRef = 295F219221A94062006391D1 /* SSCheckBox.swift */; };
		296EBEED21C8E87400F152EB /* CollectionViewController.swift in Sources */ = {isa = PBXBuildFile; fileRef = 296EBEEC21C8E87400F152EB /* CollectionViewController.swift */; };
		2979A66E21B93A9E00F9E110 /* TextFieldViewController.swift in Sources */ = {isa = PBXBuildFile; fileRef = 2979A66D21B93A9E00F9E110 /* TextFieldViewController.swift */; };
		2982922A21BE10A500CB16A4 /* SSFlashSwitch.swift in Sources */ = {isa = PBXBuildFile; fileRef = 2982922921BE10A500CB16A4 /* SSFlashSwitch.swift */; };
		2987B5072187DEA100ACCD03 /* AppDelegate.swift in Sources */ = {isa = PBXBuildFile; fileRef = 2987B5062187DEA100ACCD03 /* AppDelegate.swift */; };
		2987B5092187DEA100ACCD03 /* ViewController.swift in Sources */ = {isa = PBXBuildFile; fileRef = 2987B5082187DEA100ACCD03 /* ViewController.swift */; };
		2987B50C2187DEA100ACCD03 /* Main.storyboard in Resources */ = {isa = PBXBuildFile; fileRef = 2987B50A2187DEA100ACCD03 /* Main.storyboard */; };
		2987B50E2187DEA100ACCD03 /* Assets.xcassets in Resources */ = {isa = PBXBuildFile; fileRef = 2987B50D2187DEA100ACCD03 /* Assets.xcassets */; };
		2987B5112187DEA100ACCD03 /* LaunchScreen.storyboard in Resources */ = {isa = PBXBuildFile; fileRef = 2987B50F2187DEA100ACCD03 /* LaunchScreen.storyboard */; };
		2987B51C2187DEA100ACCD03 /* SSComponentsTests.swift in Sources */ = {isa = PBXBuildFile; fileRef = 2987B51B2187DEA100ACCD03 /* SSComponentsTests.swift */; };
		2987B5272187DEA100ACCD03 /* SSComponentsUITests.swift in Sources */ = {isa = PBXBuildFile; fileRef = 2987B5262187DEA100ACCD03 /* SSComponentsUITests.swift */; };
		2987B5362187DF1200ACCD03 /* UIView+Extension.swift in Sources */ = {isa = PBXBuildFile; fileRef = 2987B5352187DF1200ACCD03 /* UIView+Extension.swift */; };
		2987B5382187E13D00ACCD03 /* UIColor+Extension.swift in Sources */ = {isa = PBXBuildFile; fileRef = 2987B5372187E13D00ACCD03 /* UIColor+Extension.swift */; };
		2987B53A2187E19500ACCD03 /* String+Extension.swift in Sources */ = {isa = PBXBuildFile; fileRef = 2987B5392187E19500ACCD03 /* String+Extension.swift */; };
		2987B5402187EA4300ACCD03 /* Data+Extension.swift in Sources */ = {isa = PBXBuildFile; fileRef = 2987B53F2187EA4300ACCD03 /* Data+Extension.swift */; };
		2987B5422187ED0F00ACCD03 /* DispatchQueue+Extension.swift in Sources */ = {isa = PBXBuildFile; fileRef = 2987B5412187ED0F00ACCD03 /* DispatchQueue+Extension.swift */; };
		2987B5442187ED3100ACCD03 /* UIImage+Extension.swift in Sources */ = {isa = PBXBuildFile; fileRef = 2987B5432187ED3100ACCD03 /* UIImage+Extension.swift */; };
		29BE0F802192DF8100572E37 /* Notification+Extension.swift in Sources */ = {isa = PBXBuildFile; fileRef = 29BE0F7F2192DF8100572E37 /* Notification+Extension.swift */; };
		29BE0F822192E4E900572E37 /* URL+Extension.swift in Sources */ = {isa = PBXBuildFile; fileRef = 29BE0F812192E4E900572E37 /* URL+Extension.swift */; };
		29BE0F842192E6F200572E37 /* FileManager+Extension.swift in Sources */ = {isa = PBXBuildFile; fileRef = 29BE0F832192E6F200572E37 /* FileManager+Extension.swift */; };
		29BE0F862192F23A00572E37 /* Date+Extension.swift in Sources */ = {isa = PBXBuildFile; fileRef = 29BE0F852192F23A00572E37 /* Date+Extension.swift */; };
		29BE0F882193E39800572E37 /* DateFormatter+Extension.swift in Sources */ = {isa = PBXBuildFile; fileRef = 29BE0F872193E39800572E37 /* DateFormatter+Extension.swift */; };
		29BE0F8A2193E95300572E37 /* NSObject+Extension.swift in Sources */ = {isa = PBXBuildFile; fileRef = 29BE0F892193E95300572E37 /* NSObject+Extension.swift */; };
		29BE0F8C2194463800572E37 /* Timer+Extension.swift in Sources */ = {isa = PBXBuildFile; fileRef = 29BE0F8B2194463800572E37 /* Timer+Extension.swift */; };
		29BE0F8E219537FF00572E37 /* UIScreen+Extension.swift in Sources */ = {isa = PBXBuildFile; fileRef = 29BE0F8D219537FF00572E37 /* UIScreen+Extension.swift */; };
		29BE0F9021953C2A00572E37 /* UIResponder+Extension.swift in Sources */ = {isa = PBXBuildFile; fileRef = 29BE0F8F21953C2A00572E37 /* UIResponder+Extension.swift */; };
		29BE0F92219576C600572E37 /* UIBezierPath+Extension.swift in Sources */ = {isa = PBXBuildFile; fileRef = 29BE0F91219576C600572E37 /* UIBezierPath+Extension.swift */; };
		29BE0F9421959BFE00572E37 /* UIScrollView+Extension.swift in Sources */ = {isa = PBXBuildFile; fileRef = 29BE0F9321959BFE00572E37 /* UIScrollView+Extension.swift */; };
		29BE0F96219665FE00572E37 /* UIButton+Extension.swift in Sources */ = {isa = PBXBuildFile; fileRef = 29BE0F95219665FD00572E37 /* UIButton+Extension.swift */; };
		29BE0F9821966E1300572E37 /* BadgeProtocol.swift in Sources */ = {isa = PBXBuildFile; fileRef = 29BE0F9721966E1300572E37 /* BadgeProtocol.swift */; };
		29C5C75921D3668400854848 /* SSCircularSwipe.swift in Sources */ = {isa = PBXBuildFile; fileRef = 29C5C75821D3668400854848 /* SSCircularSwipe.swift */; };
		29C5C75B21D369B900854848 /* CircularSwipeVC1.swift in Sources */ = {isa = PBXBuildFile; fileRef = 29C5C75A21D369B900854848 /* CircularSwipeVC1.swift */; };
		29C5C75D21D369D800854848 /* CircularSwipeVC2.swift in Sources */ = {isa = PBXBuildFile; fileRef = 29C5C75C21D369D800854848 /* CircularSwipeVC2.swift */; };
		29C5C76021D37DA600854848 /* Limiter.swift in Sources */ = {isa = PBXBuildFile; fileRef = 29C5C75F21D37DA600854848 /* Limiter.swift */; };
		29D37DDD21B6976200F4E87C /* SSAutoResizeTextField.swift in Sources */ = {isa = PBXBuildFile; fileRef = 29D37DDC21B6976200F4E87C /* SSAutoResizeTextField.swift */; };
		29D37DDF21B6979900F4E87C /* AutoResizeTextView.swift in Sources */ = {isa = PBXBuildFile; fileRef = 29D37DDE21B6979900F4E87C /* AutoResizeTextView.swift */; };
		29D37DE121B776F600F4E87C /* TextSuggestView.swift in Sources */ = {isa = PBXBuildFile; fileRef = 29D37DE021B776F600F4E87C /* TextSuggestView.swift */; };
		29D37DE321B7830D00F4E87C /* Then.swift in Sources */ = {isa = PBXBuildFile; fileRef = 29D37DE221B7830D00F4E87C /* Then.swift */; };
		29D37DE521B7857000F4E87C /* UIWindow+Extension.swift in Sources */ = {isa = PBXBuildFile; fileRef = 29D37DE421B7857000F4E87C /* UIWindow+Extension.swift */; };
		29E166DE219D4C5200B0CC60 /* UITextField+Extension.swift in Sources */ = {isa = PBXBuildFile; fileRef = 29E166DD219D4C5200B0CC60 /* UITextField+Extension.swift */; };
		29E166E0219D5A0B00B0CC60 /* CAGradientLayer+Extension.swift in Sources */ = {isa = PBXBuildFile; fileRef = 29E166DF219D5A0B00B0CC60 /* CAGradientLayer+Extension.swift */; };
		29E166E2219D5E1F00B0CC60 /* UIDevice+Extension.swift in Sources */ = {isa = PBXBuildFile; fileRef = 29E166E1219D5E1E00B0CC60 /* UIDevice+Extension.swift */; };
		29E166E8219E47DF00B0CC60 /* Array+Extension.swift in Sources */ = {isa = PBXBuildFile; fileRef = 29E166E7219E47DF00B0CC60 /* Array+Extension.swift */; };
		29E166EA219E5CEE00B0CC60 /* UITableView+Extension.swift in Sources */ = {isa = PBXBuildFile; fileRef = 29E166E9219E5CEE00B0CC60 /* UITableView+Extension.swift */; };
		29E166EE219E6B6300B0CC60 /* BitManager.swift in Sources */ = {isa = PBXBuildFile; fileRef = 29E166ED219E6B6300B0CC60 /* BitManager.swift */; };
		29E166F1219EA95F00B0CC60 /* SSCalendarModel.swift in Sources */ = {isa = PBXBuildFile; fileRef = 29E166F0219EA95F00B0CC60 /* SSCalendarModel.swift */; };
		29E166F3219EAF0B00B0CC60 /* SSCalendarCell.swift in Sources */ = {isa = PBXBuildFile; fileRef = 29E166F2219EAF0B00B0CC60 /* SSCalendarCell.swift */; };
		29E166F5219EB1A500B0CC60 /* SSCalendarScrollView.swift in Sources */ = {isa = PBXBuildFile; fileRef = 29E166F4219EB1A500B0CC60 /* SSCalendarScrollView.swift */; };
		CE3D412AE922040429FAFB4C /* Pods_SSComponents.framework in Frameworks */ = {isa = PBXBuildFile; fileRef = E1FCDC424E4566A93561D303 /* Pods_SSComponents.framework */; };
/* End PBXBuildFile section */

/* Begin PBXContainerItemProxy section */
		2987B5182187DEA100ACCD03 /* PBXContainerItemProxy */ = {
			isa = PBXContainerItemProxy;
			containerPortal = 2987B4FB2187DEA100ACCD03 /* Project object */;
			proxyType = 1;
			remoteGlobalIDString = 2987B5022187DEA100ACCD03;
			remoteInfo = SSComponents;
		};
		2987B5232187DEA100ACCD03 /* PBXContainerItemProxy */ = {
			isa = PBXContainerItemProxy;
			containerPortal = 2987B4FB2187DEA100ACCD03 /* Project object */;
			proxyType = 1;
			remoteGlobalIDString = 2987B5022187DEA100ACCD03;
			remoteInfo = SSComponents;
		};
/* End PBXContainerItemProxy section */

/* Begin PBXFileReference section */
		2926D5D821C1207E002E802C /* PersistanceQueue.swift */ = {isa = PBXFileReference; lastKnownFileType = sourcecode.swift; path = PersistanceQueue.swift; sourceTree = "<group>"; };
		2926D5DA21C7AAB2002E802C /* Utils.swift */ = {isa = PBXFileReference; lastKnownFileType = sourcecode.swift; path = Utils.swift; sourceTree = "<group>"; };
		2926D5E921C89E97002E802C /* PersistanceQueue.storyboard */ = {isa = PBXFileReference; lastKnownFileType = file.storyboard; path = PersistanceQueue.storyboard; sourceTree = "<group>"; };
		2926D5EE21C89ECB002E802C /* PersistanceQueueViewController.swift */ = {isa = PBXFileReference; lastKnownFileType = sourcecode.swift; path = PersistanceQueueViewController.swift; sourceTree = "<group>"; };
		2926D5F221C8DC30002E802C /* GridDragView.swift */ = {isa = PBXFileReference; lastKnownFileType = sourcecode.swift; path = GridDragView.swift; sourceTree = "<group>"; };
		2926D5F521C8E599002E802C /* GirdDragViewViewController.swift */ = {isa = PBXFileReference; lastKnownFileType = sourcecode.swift; path = GirdDragViewViewController.swift; sourceTree = "<group>"; };
		292EB0A221BE3C1B00ED37E8 /* SwitchViewController.swift */ = {isa = PBXFileReference; lastKnownFileType = sourcecode.swift; path = SwitchViewController.swift; sourceTree = "<group>"; };
		292EB0A621BE418D00ED37E8 /* SliderViewController.swift */ = {isa = PBXFileReference; lastKnownFileType = sourcecode.swift; path = SliderViewController.swift; sourceTree = "<group>"; };
		292EB0AB21BE429100ED37E8 /* SSBubbleSliderAccessory.swift */ = {isa = PBXFileReference; lastKnownFileType = sourcecode.swift; path = SSBubbleSliderAccessory.swift; sourceTree = "<group>"; };
		292EB0AD21BE42AC00ED37E8 /* BubbleSliderViewController.swift */ = {isa = PBXFileReference; lastKnownFileType = sourcecode.swift; path = BubbleSliderViewController.swift; sourceTree = "<group>"; };
		292EB0AF21BE5F9D00ED37E8 /* SSBubbleSlider.swift */ = {isa = PBXFileReference; lastKnownFileType = sourcecode.swift; path = SSBubbleSlider.swift; sourceTree = "<group>"; };
		29304B8C21D4E2950033F2C7 /* Sort.swift */ = {isa = PBXFileReference; lastKnownFileType = sourcecode.swift; path = Sort.swift; sourceTree = "<group>"; };
		29304B8E21E0B96D0033F2C7 /* Tree.swift */ = {isa = PBXFileReference; lastKnownFileType = sourcecode.swift; path = Tree.swift; sourceTree = "<group>"; };
		2936F49621ABC8D500F69917 /* CheckBoxViewController.swift */ = {isa = PBXFileReference; lastKnownFileType = sourcecode.swift; path = CheckBoxViewController.swift; sourceTree = "<group>"; };
		2936F49921ABDF1200F69917 /* PictureSwipeVC1.swift */ = {isa = PBXFileReference; lastKnownFileType = sourcecode.swift; path = PictureSwipeVC1.swift; sourceTree = "<group>"; };
		2936F49B21ABE3BC00F69917 /* PictureSwipeVC2.swift */ = {isa = PBXFileReference; lastKnownFileType = sourcecode.swift; path = PictureSwipeVC2.swift; sourceTree = "<group>"; };
		2936F49D21ABEA3900F69917 /* SSPictureSwiper.swift */ = {isa = PBXFileReference; lastKnownFileType = sourcecode.swift; path = SSPictureSwiper.swift; sourceTree = "<group>"; };
		2936F4A221B257EC00F69917 /* SSTwinkle.swift */ = {isa = PBXFileReference; lastKnownFileType = sourcecode.swift; path = SSTwinkle.swift; sourceTree = "<group>"; };
		2936F4A521B25F7D00F69917 /* EmitterAnimationViewController.swift */ = {isa = PBXFileReference; lastKnownFileType = sourcecode.swift; path = EmitterAnimationViewController.swift; sourceTree = "<group>"; };
		2936F4A921B25FA700F69917 /* TwinkleViewController.swift */ = {isa = PBXFileReference; lastKnownFileType = sourcecode.swift; path = TwinkleViewController.swift; sourceTree = "<group>"; };
		2936F4AD21B2623100F69917 /* FireworksViewController.swift */ = {isa = PBXFileReference; lastKnownFileType = sourcecode.swift; path = FireworksViewController.swift; sourceTree = "<group>"; };
		2936F4AF21B2624E00F69917 /* SSFireworks.swift */ = {isa = PBXFileReference; lastKnownFileType = sourcecode.swift; path = SSFireworks.swift; sourceTree = "<group>"; };
		2936F4B321B273DF00F69917 /* SSLiquidButton.swift */ = {isa = PBXFileReference; lastKnownFileType = sourcecode.swift; path = SSLiquidButton.swift; sourceTree = "<group>"; };
		2936F4B521B2920B00F69917 /* LiquidButtonViewController.swift */ = {isa = PBXFileReference; lastKnownFileType = sourcecode.swift; path = LiquidButtonViewController.swift; sourceTree = "<group>"; };
		2936F4B721B2958800F69917 /* UINavigationController+Extension.swift */ = {isa = PBXFileReference; lastKnownFileType = sourcecode.swift; path = "UINavigationController+Extension.swift"; sourceTree = "<group>"; };
		2936F4BB21B4C04000F69917 /* SSRippleButton.swift */ = {isa = PBXFileReference; lastKnownFileType = sourcecode.swift; path = SSRippleButton.swift; sourceTree = "<group>"; };
		2936F4BE21B4C0BE00F69917 /* SSRippleLayer.swift */ = {isa = PBXFileReference; lastKnownFileType = sourcecode.swift; path = SSRippleLayer.swift; sourceTree = "<group>"; };
		2936F4C221B5052A00F69917 /* RippleButtonViewController.swift */ = {isa = PBXFileReference; lastKnownFileType = sourcecode.swift; path = RippleButtonViewController.swift; sourceTree = "<group>"; };
		2936F4C521B50E8500F69917 /* RippleTableViewCell.swift */ = {isa = PBXFileReference; lastKnownFileType = sourcecode.swift; path = RippleTableViewCell.swift; sourceTree = "<group>"; };
		2936F4CC21B538A400F69917 /* SSProgress.swift */ = {isa = PBXFileReference; lastKnownFileType = sourcecode.swift; path = SSProgress.swift; sourceTree = "<group>"; };
		2936F4CE21B5398D00F69917 /* SSProgressCircularLayer.swift */ = {isa = PBXFileReference; lastKnownFileType = sourcecode.swift; path = SSProgressCircularLayer.swift; sourceTree = "<group>"; };
		2936F4D021B53B8A00F69917 /* SSProgressLayer.swift */ = {isa = PBXFileReference; lastKnownFileType = sourcecode.swift; path = SSProgressLayer.swift; sourceTree = "<group>"; };
		2936F4D221B6302C00F69917 /* SSProgressLinearLayer.swift */ = {isa = PBXFileReference; lastKnownFileType = sourcecode.swift; path = SSProgressLinearLayer.swift; sourceTree = "<group>"; };
		2936F4D521B6568900F69917 /* ProgressViewController.swift */ = {isa = PBXFileReference; lastKnownFileType = sourcecode.swift; path = ProgressViewController.swift; sourceTree = "<group>"; };
		295F211D219FABC6006391D1 /* SSCalendarView.swift */ = {isa = PBXFileReference; lastKnownFileType = sourcecode.swift; path = SSCalendarView.swift; sourceTree = "<group>"; };
		295F2122219FB0C5006391D1 /* CalendarViewController.swift */ = {isa = PBXFileReference; lastKnownFileType = sourcecode.swift; path = CalendarViewController.swift; sourceTree = "<group>"; };
		295F2125219FBCF5006391D1 /* SSPhotoAlbumModel.swift */ = {isa = PBXFileReference; lastKnownFileType = sourcecode.swift; path = SSPhotoAlbumModel.swift; sourceTree = "<group>"; };
		295F2127219FBE1F006391D1 /* SSPhotoAlbumCache.swift */ = {isa = PBXFileReference; lastKnownFileType = sourcecode.swift; path = SSPhotoAlbumCache.swift; sourceTree = "<group>"; };
		295F2129219FC087006391D1 /* SSPhotoAlbum.swift */ = {isa = PBXFileReference; lastKnownFileType = sourcecode.swift; path = SSPhotoAlbum.swift; sourceTree = "<group>"; };
		295F212B219FC94D006391D1 /* SSPhotoCell.swift */ = {isa = PBXFileReference; lastKnownFileType = sourcecode.swift; path = SSPhotoCell.swift; sourceTree = "<group>"; };
		295F2130219FEFFA006391D1 /* SSImagePickerController.swift */ = {isa = PBXFileReference; lastKnownFileType = sourcecode.swift; path = SSImagePickerController.swift; sourceTree = "<group>"; };
		295F213321A0115A006391D1 /* Scheduler.swift */ = {isa = PBXFileReference; lastKnownFileType = sourcecode.swift; path = Scheduler.swift; sourceTree = "<group>"; };
		295F213B21A01F3E006391D1 /* SwipeableView.swift */ = {isa = PBXFileReference; fileEncoding = 4; lastKnownFileType = sourcecode.swift; path = SwipeableView.swift; sourceTree = "<group>"; };
		295F213D21A01F3E006391D1 /* SwipeableViewManager.swift */ = {isa = PBXFileReference; fileEncoding = 4; lastKnownFileType = sourcecode.swift; path = SwipeableViewManager.swift; sourceTree = "<group>"; };
		295F215821A23D4B006391D1 /* SwipeCardViewController.swift */ = {isa = PBXFileReference; lastKnownFileType = sourcecode.swift; path = SwipeCardViewController.swift; sourceTree = "<group>"; };
		295F215A21A23EBC006391D1 /* SC1ViewController.swift */ = {isa = PBXFileReference; lastKnownFileType = sourcecode.swift; path = SC1ViewController.swift; sourceTree = "<group>"; };
		295F215C21A23F02006391D1 /* SwipeCardView.swift */ = {isa = PBXFileReference; lastKnownFileType = sourcecode.swift; path = SwipeCardView.swift; sourceTree = "<group>"; };
		295F215E21A25307006391D1 /* SC2ViewController.swift */ = {isa = PBXFileReference; lastKnownFileType = sourcecode.swift; path = SC2ViewController.swift; sourceTree = "<group>"; };
		295F216021A2547A006391D1 /* SC3ViewController.swift */ = {isa = PBXFileReference; lastKnownFileType = sourcecode.swift; path = SC3ViewController.swift; sourceTree = "<group>"; };
		295F216621A2616E006391D1 /* PRTween.m */ = {isa = PBXFileReference; fileEncoding = 4; lastKnownFileType = sourcecode.c.objc; path = PRTween.m; sourceTree = "<group>"; };
		295F216721A2616E006391D1 /* PRTweenTimingFunctions.h */ = {isa = PBXFileReference; fileEncoding = 4; lastKnownFileType = sourcecode.c.h; path = PRTweenTimingFunctions.h; sourceTree = "<group>"; };
		295F216821A2616E006391D1 /* PRTweenTimingFunctions.m */ = {isa = PBXFileReference; fileEncoding = 4; lastKnownFileType = sourcecode.c.objc; path = PRTweenTimingFunctions.m; sourceTree = "<group>"; };
		295F216921A2616E006391D1 /* PRTween.h */ = {isa = PBXFileReference; fileEncoding = 4; lastKnownFileType = sourcecode.c.h; path = PRTween.h; sourceTree = "<group>"; };
		295F216D21A265E6006391D1 /* SSDragBadgeView.swift */ = {isa = PBXFileReference; lastKnownFileType = sourcecode.swift; path = SSDragBadgeView.swift; sourceTree = "<group>"; };
		295F216F21A2AE25006391D1 /* DragBadgeViewController.swift */ = {isa = PBXFileReference; lastKnownFileType = sourcecode.swift; path = DragBadgeViewController.swift; sourceTree = "<group>"; };
		295F217B21A6B180006391D1 /* SSSwipeAnimator.swift */ = {isa = PBXFileReference; lastKnownFileType = sourcecode.swift; path = SSSwipeAnimator.swift; sourceTree = "<group>"; };
		295F217D21A7A1CE006391D1 /* SSSloppySwiper.swift */ = {isa = PBXFileReference; lastKnownFileType = sourcecode.swift; path = SSSloppySwiper.swift; sourceTree = "<group>"; };
		295F218021A7CBE9006391D1 /* TransitionViewController.swift */ = {isa = PBXFileReference; lastKnownFileType = sourcecode.swift; path = TransitionViewController.swift; sourceTree = "<group>"; };
		295F218221A7CCE2006391D1 /* SloppySwipeVC1.swift */ = {isa = PBXFileReference; lastKnownFileType = sourcecode.swift; path = SloppySwipeVC1.swift; sourceTree = "<group>"; };
		295F218421A7CCF9006391D1 /* SloppySwipeVC2.swift */ = {isa = PBXFileReference; lastKnownFileType = sourcecode.swift; path = SloppySwipeVC2.swift; sourceTree = "<group>"; };
		295F218721A7FFE4006391D1 /* SSPopButton.swift */ = {isa = PBXFileReference; lastKnownFileType = sourcecode.swift; path = SSPopButton.swift; sourceTree = "<group>"; };
		295F218A21A8E7C5006391D1 /* PopButtonViewController.swift */ = {isa = PBXFileReference; lastKnownFileType = sourcecode.swift; path = PopButtonViewController.swift; sourceTree = "<group>"; };
		295F218D21A92F05006391D1 /* ButtonViewController.swift */ = {isa = PBXFileReference; lastKnownFileType = sourcecode.swift; path = ButtonViewController.swift; sourceTree = "<group>"; };
		295F219221A94062006391D1 /* SSCheckBox.swift */ = {isa = PBXFileReference; lastKnownFileType = sourcecode.swift; path = SSCheckBox.swift; sourceTree = "<group>"; };
		296EBEEC21C8E87400F152EB /* CollectionViewController.swift */ = {isa = PBXFileReference; lastKnownFileType = sourcecode.swift; path = CollectionViewController.swift; sourceTree = "<group>"; };
		2979A66D21B93A9E00F9E110 /* TextFieldViewController.swift */ = {isa = PBXFileReference; lastKnownFileType = sourcecode.swift; path = TextFieldViewController.swift; sourceTree = "<group>"; };
		2982922921BE10A500CB16A4 /* SSFlashSwitch.swift */ = {isa = PBXFileReference; lastKnownFileType = sourcecode.swift; path = SSFlashSwitch.swift; sourceTree = "<group>"; };
		2987B5032187DEA100ACCD03 /* SSComponents.app */ = {isa = PBXFileReference; explicitFileType = wrapper.application; includeInIndex = 0; path = SSComponents.app; sourceTree = BUILT_PRODUCTS_DIR; };
		2987B5062187DEA100ACCD03 /* AppDelegate.swift */ = {isa = PBXFileReference; lastKnownFileType = sourcecode.swift; path = AppDelegate.swift; sourceTree = "<group>"; };
		2987B5082187DEA100ACCD03 /* ViewController.swift */ = {isa = PBXFileReference; lastKnownFileType = sourcecode.swift; path = ViewController.swift; sourceTree = "<group>"; };
		2987B50B2187DEA100ACCD03 /* Base */ = {isa = PBXFileReference; lastKnownFileType = file.storyboard; name = Base; path = Base.lproj/Main.storyboard; sourceTree = "<group>"; };
		2987B50D2187DEA100ACCD03 /* Assets.xcassets */ = {isa = PBXFileReference; lastKnownFileType = folder.assetcatalog; path = Assets.xcassets; sourceTree = "<group>"; };
		2987B5102187DEA100ACCD03 /* Base */ = {isa = PBXFileReference; lastKnownFileType = file.storyboard; name = Base; path = Base.lproj/LaunchScreen.storyboard; sourceTree = "<group>"; };
		2987B5122187DEA100ACCD03 /* Info.plist */ = {isa = PBXFileReference; lastKnownFileType = text.plist.xml; path = Info.plist; sourceTree = "<group>"; };
		2987B5172187DEA100ACCD03 /* SSComponentsTests.xctest */ = {isa = PBXFileReference; explicitFileType = wrapper.cfbundle; includeInIndex = 0; path = SSComponentsTests.xctest; sourceTree = BUILT_PRODUCTS_DIR; };
		2987B51B2187DEA100ACCD03 /* SSComponentsTests.swift */ = {isa = PBXFileReference; lastKnownFileType = sourcecode.swift; path = SSComponentsTests.swift; sourceTree = "<group>"; };
		2987B51D2187DEA100ACCD03 /* Info.plist */ = {isa = PBXFileReference; lastKnownFileType = text.plist.xml; path = Info.plist; sourceTree = "<group>"; };
		2987B5222187DEA100ACCD03 /* SSComponentsUITests.xctest */ = {isa = PBXFileReference; explicitFileType = wrapper.cfbundle; includeInIndex = 0; path = SSComponentsUITests.xctest; sourceTree = BUILT_PRODUCTS_DIR; };
		2987B5262187DEA100ACCD03 /* SSComponentsUITests.swift */ = {isa = PBXFileReference; lastKnownFileType = sourcecode.swift; path = SSComponentsUITests.swift; sourceTree = "<group>"; };
		2987B5282187DEA200ACCD03 /* Info.plist */ = {isa = PBXFileReference; lastKnownFileType = text.plist.xml; path = Info.plist; sourceTree = "<group>"; };
		2987B5352187DF1200ACCD03 /* UIView+Extension.swift */ = {isa = PBXFileReference; lastKnownFileType = sourcecode.swift; path = "UIView+Extension.swift"; sourceTree = "<group>"; };
		2987B5372187E13D00ACCD03 /* UIColor+Extension.swift */ = {isa = PBXFileReference; lastKnownFileType = sourcecode.swift; path = "UIColor+Extension.swift"; sourceTree = "<group>"; };
		2987B5392187E19500ACCD03 /* String+Extension.swift */ = {isa = PBXFileReference; lastKnownFileType = sourcecode.swift; path = "String+Extension.swift"; sourceTree = "<group>"; };
		2987B53B2187E99B00ACCD03 /* SSComponents-Bridging-Header.h */ = {isa = PBXFileReference; lastKnownFileType = sourcecode.c.h; path = "SSComponents-Bridging-Header.h"; sourceTree = "<group>"; };
		2987B53F2187EA4300ACCD03 /* Data+Extension.swift */ = {isa = PBXFileReference; lastKnownFileType = sourcecode.swift; path = "Data+Extension.swift"; sourceTree = "<group>"; };
		2987B5412187ED0F00ACCD03 /* DispatchQueue+Extension.swift */ = {isa = PBXFileReference; lastKnownFileType = sourcecode.swift; path = "DispatchQueue+Extension.swift"; sourceTree = "<group>"; };
		2987B5432187ED3100ACCD03 /* UIImage+Extension.swift */ = {isa = PBXFileReference; lastKnownFileType = sourcecode.swift; path = "UIImage+Extension.swift"; sourceTree = "<group>"; };
		29BE0F7F2192DF8100572E37 /* Notification+Extension.swift */ = {isa = PBXFileReference; lastKnownFileType = sourcecode.swift; path = "Notification+Extension.swift"; sourceTree = "<group>"; };
		29BE0F812192E4E900572E37 /* URL+Extension.swift */ = {isa = PBXFileReference; lastKnownFileType = sourcecode.swift; path = "URL+Extension.swift"; sourceTree = "<group>"; };
		29BE0F832192E6F200572E37 /* FileManager+Extension.swift */ = {isa = PBXFileReference; lastKnownFileType = sourcecode.swift; path = "FileManager+Extension.swift"; sourceTree = "<group>"; };
		29BE0F852192F23A00572E37 /* Date+Extension.swift */ = {isa = PBXFileReference; lastKnownFileType = sourcecode.swift; path = "Date+Extension.swift"; sourceTree = "<group>"; };
		29BE0F872193E39800572E37 /* DateFormatter+Extension.swift */ = {isa = PBXFileReference; lastKnownFileType = sourcecode.swift; path = "DateFormatter+Extension.swift"; sourceTree = "<group>"; };
		29BE0F892193E95300572E37 /* NSObject+Extension.swift */ = {isa = PBXFileReference; lastKnownFileType = sourcecode.swift; path = "NSObject+Extension.swift"; sourceTree = "<group>"; };
		29BE0F8B2194463800572E37 /* Timer+Extension.swift */ = {isa = PBXFileReference; lastKnownFileType = sourcecode.swift; path = "Timer+Extension.swift"; sourceTree = "<group>"; };
		29BE0F8D219537FF00572E37 /* UIScreen+Extension.swift */ = {isa = PBXFileReference; lastKnownFileType = sourcecode.swift; path = "UIScreen+Extension.swift"; sourceTree = "<group>"; };
		29BE0F8F21953C2A00572E37 /* UIResponder+Extension.swift */ = {isa = PBXFileReference; lastKnownFileType = sourcecode.swift; path = "UIResponder+Extension.swift"; sourceTree = "<group>"; };
		29BE0F91219576C600572E37 /* UIBezierPath+Extension.swift */ = {isa = PBXFileReference; lastKnownFileType = sourcecode.swift; path = "UIBezierPath+Extension.swift"; sourceTree = "<group>"; };
		29BE0F9321959BFE00572E37 /* UIScrollView+Extension.swift */ = {isa = PBXFileReference; lastKnownFileType = sourcecode.swift; path = "UIScrollView+Extension.swift"; sourceTree = "<group>"; };
		29BE0F95219665FD00572E37 /* UIButton+Extension.swift */ = {isa = PBXFileReference; lastKnownFileType = sourcecode.swift; path = "UIButton+Extension.swift"; sourceTree = "<group>"; };
		29BE0F9721966E1300572E37 /* BadgeProtocol.swift */ = {isa = PBXFileReference; lastKnownFileType = sourcecode.swift; path = BadgeProtocol.swift; sourceTree = "<group>"; };
		29C5C75821D3668400854848 /* SSCircularSwipe.swift */ = {isa = PBXFileReference; lastKnownFileType = sourcecode.swift; path = SSCircularSwipe.swift; sourceTree = "<group>"; };
		29C5C75A21D369B900854848 /* CircularSwipeVC1.swift */ = {isa = PBXFileReference; lastKnownFileType = sourcecode.swift; path = CircularSwipeVC1.swift; sourceTree = "<group>"; };
		29C5C75C21D369D800854848 /* CircularSwipeVC2.swift */ = {isa = PBXFileReference; lastKnownFileType = sourcecode.swift; path = CircularSwipeVC2.swift; sourceTree = "<group>"; };
		29C5C75F21D37DA600854848 /* Limiter.swift */ = {isa = PBXFileReference; lastKnownFileType = sourcecode.swift; path = Limiter.swift; sourceTree = "<group>"; };
		29D37DDC21B6976200F4E87C /* SSAutoResizeTextField.swift */ = {isa = PBXFileReference; lastKnownFileType = sourcecode.swift; path = SSAutoResizeTextField.swift; sourceTree = "<group>"; };
		29D37DDE21B6979900F4E87C /* AutoResizeTextView.swift */ = {isa = PBXFileReference; lastKnownFileType = sourcecode.swift; path = AutoResizeTextView.swift; sourceTree = "<group>"; };
		29D37DE021B776F600F4E87C /* TextSuggestView.swift */ = {isa = PBXFileReference; lastKnownFileType = sourcecode.swift; path = TextSuggestView.swift; sourceTree = "<group>"; };
		29D37DE221B7830D00F4E87C /* Then.swift */ = {isa = PBXFileReference; fileEncoding = 4; lastKnownFileType = sourcecode.swift; path = Then.swift; sourceTree = "<group>"; };
		29D37DE421B7857000F4E87C /* UIWindow+Extension.swift */ = {isa = PBXFileReference; lastKnownFileType = sourcecode.swift; path = "UIWindow+Extension.swift"; sourceTree = "<group>"; };
		29E166DD219D4C5200B0CC60 /* UITextField+Extension.swift */ = {isa = PBXFileReference; lastKnownFileType = sourcecode.swift; path = "UITextField+Extension.swift"; sourceTree = "<group>"; };
		29E166DF219D5A0B00B0CC60 /* CAGradientLayer+Extension.swift */ = {isa = PBXFileReference; lastKnownFileType = sourcecode.swift; path = "CAGradientLayer+Extension.swift"; sourceTree = "<group>"; };
		29E166E1219D5E1E00B0CC60 /* UIDevice+Extension.swift */ = {isa = PBXFileReference; lastKnownFileType = sourcecode.swift; path = "UIDevice+Extension.swift"; sourceTree = "<group>"; };
		29E166E7219E47DF00B0CC60 /* Array+Extension.swift */ = {isa = PBXFileReference; lastKnownFileType = sourcecode.swift; path = "Array+Extension.swift"; sourceTree = "<group>"; };
		29E166E9219E5CEE00B0CC60 /* UITableView+Extension.swift */ = {isa = PBXFileReference; lastKnownFileType = sourcecode.swift; path = "UITableView+Extension.swift"; sourceTree = "<group>"; };
		29E166ED219E6B6300B0CC60 /* BitManager.swift */ = {isa = PBXFileReference; lastKnownFileType = sourcecode.swift; path = BitManager.swift; sourceTree = "<group>"; };
		29E166F0219EA95F00B0CC60 /* SSCalendarModel.swift */ = {isa = PBXFileReference; lastKnownFileType = sourcecode.swift; path = SSCalendarModel.swift; sourceTree = "<group>"; };
		29E166F2219EAF0B00B0CC60 /* SSCalendarCell.swift */ = {isa = PBXFileReference; lastKnownFileType = sourcecode.swift; path = SSCalendarCell.swift; sourceTree = "<group>"; };
		29E166F4219EB1A500B0CC60 /* SSCalendarScrollView.swift */ = {isa = PBXFileReference; lastKnownFileType = sourcecode.swift; path = SSCalendarScrollView.swift; sourceTree = "<group>"; };
		C51114269F958880393DE0E9 /* Pods-SSComponents.debug.xcconfig */ = {isa = PBXFileReference; includeInIndex = 1; lastKnownFileType = text.xcconfig; name = "Pods-SSComponents.debug.xcconfig"; path = "Pods/Target Support Files/Pods-SSComponents/Pods-SSComponents.debug.xcconfig"; sourceTree = "<group>"; };
		E1FCDC424E4566A93561D303 /* Pods_SSComponents.framework */ = {isa = PBXFileReference; explicitFileType = wrapper.framework; includeInIndex = 0; path = Pods_SSComponents.framework; sourceTree = BUILT_PRODUCTS_DIR; };
		E6A6DACD36A65FB1A3567E1D /* Pods-SSComponents.release.xcconfig */ = {isa = PBXFileReference; includeInIndex = 1; lastKnownFileType = text.xcconfig; name = "Pods-SSComponents.release.xcconfig"; path = "Pods/Target Support Files/Pods-SSComponents/Pods-SSComponents.release.xcconfig"; sourceTree = "<group>"; };
/* End PBXFileReference section */

/* Begin PBXFrameworksBuildPhase section */
		2987B5002187DEA100ACCD03 /* Frameworks */ = {
			isa = PBXFrameworksBuildPhase;
			buildActionMask = 2147483647;
			files = (
				CE3D412AE922040429FAFB4C /* Pods_SSComponents.framework in Frameworks */,
			);
			runOnlyForDeploymentPostprocessing = 0;
		};
		2987B5142187DEA100ACCD03 /* Frameworks */ = {
			isa = PBXFrameworksBuildPhase;
			buildActionMask = 2147483647;
			files = (
			);
			runOnlyForDeploymentPostprocessing = 0;
		};
		2987B51F2187DEA100ACCD03 /* Frameworks */ = {
			isa = PBXFrameworksBuildPhase;
			buildActionMask = 2147483647;
			files = (
			);
			runOnlyForDeploymentPostprocessing = 0;
		};
/* End PBXFrameworksBuildPhase section */

/* Begin PBXGroup section */
		2926D5D721C11F12002E802C /* Queue */ = {
			isa = PBXGroup;
			children = (
				2926D5E821C89DCC002E802C /* PersistanceQueue */,
				2926D5E921C89E97002E802C /* PersistanceQueue.storyboard */,
				2926D5EE21C89ECB002E802C /* PersistanceQueueViewController.swift */,
			);
			path = Queue;
			sourceTree = "<group>";
		};
		2926D5E821C89DCC002E802C /* PersistanceQueue */ = {
			isa = PBXGroup;
			children = (
				2926D5D821C1207E002E802C /* PersistanceQueue.swift */,
			);
			path = PersistanceQueue;
			sourceTree = "<group>";
		};
		2926D5F021C8DBF1002E802C /* CollectionView */ = {
			isa = PBXGroup;
			children = (
				2926D5F121C8DC1A002E802C /* GridDragView */,
				296EBEEC21C8E87400F152EB /* CollectionViewController.swift */,
			);
			path = CollectionView;
			sourceTree = "<group>";
		};
		2926D5F121C8DC1A002E802C /* GridDragView */ = {
			isa = PBXGroup;
			children = (
				2926D5F421C8E585002E802C /* GridDragView */,
				2926D5F521C8E599002E802C /* GirdDragViewViewController.swift */,
			);
			path = GridDragView;
			sourceTree = "<group>";
		};
		2926D5F421C8E585002E802C /* GridDragView */ = {
			isa = PBXGroup;
			children = (
				2926D5F221C8DC30002E802C /* GridDragView.swift */,
			);
			path = GridDragView;
			sourceTree = "<group>";
		};
		292EB0A521BE415600ED37E8 /* Slider */ = {
			isa = PBXGroup;
			children = (
				292EB0A821BE41A000ED37E8 /* Slider */,
				292EB0A621BE418D00ED37E8 /* SliderViewController.swift */,
			);
			path = Slider;
			sourceTree = "<group>";
		};
		292EB0A821BE41A000ED37E8 /* Slider */ = {
			isa = PBXGroup;
			children = (
				292EB0A921BE41B300ED37E8 /* BubbleSlider */,
			);
			path = Slider;
			sourceTree = "<group>";
		};
		292EB0A921BE41B300ED37E8 /* BubbleSlider */ = {
			isa = PBXGroup;
			children = (
				292EB0AA21BE421800ED37E8 /* BubbleSlider */,
				292EB0AD21BE42AC00ED37E8 /* BubbleSliderViewController.swift */,
			);
			path = BubbleSlider;
			sourceTree = "<group>";
		};
		292EB0AA21BE421800ED37E8 /* BubbleSlider */ = {
			isa = PBXGroup;
			children = (
				292EB0AF21BE5F9D00ED37E8 /* SSBubbleSlider.swift */,
				292EB0AB21BE429100ED37E8 /* SSBubbleSliderAccessory.swift */,
			);
			path = BubbleSlider;
			sourceTree = "<group>";
		};
		29304B8B21D4E2860033F2C7 /* Algorithm */ = {
			isa = PBXGroup;
			children = (
				29304B8C21D4E2950033F2C7 /* Sort.swift */,
				29304B8E21E0B96D0033F2C7 /* Tree.swift */,
			);
			path = Algorithm;
			sourceTree = "<group>";
		};
		2936F49521ABC8AE00F69917 /* CheckBox */ = {
			isa = PBXGroup;
			children = (
				295F219221A94062006391D1 /* SSCheckBox.swift */,
			);
			path = CheckBox;
			sourceTree = "<group>";
		};
		2936F49821ABDC6500F69917 /* PictureSwipe */ = {
			isa = PBXGroup;
			children = (
				2936F49D21ABEA3900F69917 /* SSPictureSwiper.swift */,
			);
			path = PictureSwipe;
			sourceTree = "<group>";
		};
		2936F4A121B257CE00F69917 /* Twinkle */ = {
			isa = PBXGroup;
			children = (
				2936F4A721B25F8F00F69917 /* Twinkle */,
				2936F4A921B25FA700F69917 /* TwinkleViewController.swift */,
			);
			path = Twinkle;
			sourceTree = "<group>";
		};
		2936F4A421B25F0400F69917 /* EmitterAnimation */ = {
			isa = PBXGroup;
			children = (
				2936F4AB21B2621400F69917 /* Fireworks */,
				2936F4A121B257CE00F69917 /* Twinkle */,
				2936F4A521B25F7D00F69917 /* EmitterAnimationViewController.swift */,
			);
			path = EmitterAnimation;
			sourceTree = "<group>";
		};
		2936F4A721B25F8F00F69917 /* Twinkle */ = {
			isa = PBXGroup;
			children = (
				2936F4A221B257EC00F69917 /* SSTwinkle.swift */,
			);
			path = Twinkle;
			sourceTree = "<group>";
		};
		2936F4AB21B2621400F69917 /* Fireworks */ = {
			isa = PBXGroup;
			children = (
				2936F4AC21B2622100F69917 /* Fireworks */,
				2936F4AD21B2623100F69917 /* FireworksViewController.swift */,
			);
			path = Fireworks;
			sourceTree = "<group>";
		};
		2936F4AC21B2622100F69917 /* Fireworks */ = {
			isa = PBXGroup;
			children = (
				2936F4AF21B2624E00F69917 /* SSFireworks.swift */,
			);
			path = Fireworks;
			sourceTree = "<group>";
		};
		2936F4B121B273B900F69917 /* LiquidButton */ = {
			isa = PBXGroup;
			children = (
				2936F4B221B273CE00F69917 /* LiquidButton */,
				2936F4B521B2920B00F69917 /* LiquidButtonViewController.swift */,
			);
			path = LiquidButton;
			sourceTree = "<group>";
		};
		2936F4B221B273CE00F69917 /* LiquidButton */ = {
			isa = PBXGroup;
			children = (
				2936F4B321B273DF00F69917 /* SSLiquidButton.swift */,
			);
			path = LiquidButton;
			sourceTree = "<group>";
		};
		2936F4B921B4C02600F69917 /* RippleButton */ = {
			isa = PBXGroup;
			children = (
				2936F4BA21B4C03000F69917 /* RippleButton */,
				2936F4C221B5052A00F69917 /* RippleButtonViewController.swift */,
			);
			path = RippleButton;
			sourceTree = "<group>";
		};
		2936F4BA21B4C03000F69917 /* RippleButton */ = {
			isa = PBXGroup;
			children = (
				2936F4BB21B4C04000F69917 /* SSRippleButton.swift */,
			);
			path = RippleButton;
			sourceTree = "<group>";
		};
		2936F4BD21B4C0AB00F69917 /* CALayer */ = {
			isa = PBXGroup;
			children = (
				2936F4BE21B4C0BE00F69917 /* SSRippleLayer.swift */,
			);
			path = CALayer;
			sourceTree = "<group>";
		};
		2936F4C421B50E6E00F69917 /* TableViewCell */ = {
			isa = PBXGroup;
			children = (
				2936F4C521B50E8500F69917 /* RippleTableViewCell.swift */,
			);
			path = TableViewCell;
			sourceTree = "<group>";
		};
		2936F4C721B5348B00F69917 /* Progress */ = {
			isa = PBXGroup;
			children = (
				2936F4CB21B5389700F69917 /* Progress */,
			);
			path = Progress;
			sourceTree = "<group>";
		};
		2936F4CB21B5389700F69917 /* Progress */ = {
			isa = PBXGroup;
			children = (
				2936F4D421B6566E00F69917 /* Progress */,
				2936F4D521B6568900F69917 /* ProgressViewController.swift */,
			);
			path = Progress;
			sourceTree = "<group>";
		};
		2936F4D421B6566E00F69917 /* Progress */ = {
			isa = PBXGroup;
			children = (
				2936F4CC21B538A400F69917 /* SSProgress.swift */,
				2936F4CE21B5398D00F69917 /* SSProgressCircularLayer.swift */,
				2936F4D221B6302C00F69917 /* SSProgressLinearLayer.swift */,
				2936F4D021B53B8A00F69917 /* SSProgressLayer.swift */,
			);
			path = Progress;
			sourceTree = "<group>";
		};
		295F211F219FB08D006391D1 /* ViewController */ = {
			isa = PBXGroup;
			children = (
				29304B8B21D4E2860033F2C7 /* Algorithm */,
				29C5C75E21D37D8400854848 /* Limiter */,
				2926D5F021C8DBF1002E802C /* CollectionView */,
				2926D5D721C11F12002E802C /* Queue */,
				292EB0A521BE415600ED37E8 /* Slider */,
				2982922421BE101400CB16A4 /* Switch */,
				29D37DDA21B695CB00F4E87C /* TextField */,
				2936F4C721B5348B00F69917 /* Progress */,
				2936F4C421B50E6E00F69917 /* TableViewCell */,
				2936F4BD21B4C0AB00F69917 /* CALayer */,
				2936F4A421B25F0400F69917 /* EmitterAnimation */,
				295F218C21A92EF2006391D1 /* Button */,
				295F217F21A7CBD2006391D1 /* Transition */,
				295F216221A25BE0006391D1 /* DragBadgeView */,
				295F213221A01097006391D1 /* SwipeCard */,
				295F2124219FBCAF006391D1 /* ImagePickerController */,
				295F2120219FB09A006391D1 /* Calendar */,
			);
			path = ViewController;
			sourceTree = "<group>";
		};
		295F2120219FB09A006391D1 /* Calendar */ = {
			isa = PBXGroup;
			children = (
				29E166EF219EA92C00B0CC60 /* SSCalendar */,
				295F2122219FB0C5006391D1 /* CalendarViewController.swift */,
			);
			path = Calendar;
			sourceTree = "<group>";
		};
		295F2124219FBCAF006391D1 /* ImagePickerController */ = {
			isa = PBXGroup;
			children = (
				295F212F219FEFB9006391D1 /* SSImagePickerContoller */,
			);
			path = ImagePickerController;
			sourceTree = "<group>";
		};
		295F212F219FEFB9006391D1 /* SSImagePickerContoller */ = {
			isa = PBXGroup;
			children = (
				295F2125219FBCF5006391D1 /* SSPhotoAlbumModel.swift */,
				295F2127219FBE1F006391D1 /* SSPhotoAlbumCache.swift */,
				295F2129219FC087006391D1 /* SSPhotoAlbum.swift */,
				295F212B219FC94D006391D1 /* SSPhotoCell.swift */,
				295F2130219FEFFA006391D1 /* SSImagePickerController.swift */,
			);
			path = SSImagePickerContoller;
			sourceTree = "<group>";
		};
		295F213221A01097006391D1 /* SwipeCard */ = {
			isa = PBXGroup;
			children = (
				295F215421A01FEF006391D1 /* SwipeCard */,
				295F215821A23D4B006391D1 /* SwipeCardViewController.swift */,
				295F215A21A23EBC006391D1 /* SC1ViewController.swift */,
				295F215E21A25307006391D1 /* SC2ViewController.swift */,
				295F216021A2547A006391D1 /* SC3ViewController.swift */,
			);
			path = SwipeCard;
			sourceTree = "<group>";
		};
		295F215421A01FEF006391D1 /* SwipeCard */ = {
			isa = PBXGroup;
			children = (
				295F213D21A01F3E006391D1 /* SwipeableViewManager.swift */,
				295F213B21A01F3E006391D1 /* SwipeableView.swift */,
				295F215C21A23F02006391D1 /* SwipeCardView.swift */,
			);
			path = SwipeCard;
			sourceTree = "<group>";
		};
		295F216221A25BE0006391D1 /* DragBadgeView */ = {
			isa = PBXGroup;
			children = (
				295F216321A25C07006391D1 /* DragBadgeView */,
				295F216F21A2AE25006391D1 /* DragBadgeViewController.swift */,
			);
			path = DragBadgeView;
			sourceTree = "<group>";
		};
		295F216321A25C07006391D1 /* DragBadgeView */ = {
			isa = PBXGroup;
			children = (
				295F216C21A264BF006391D1 /* Helper */,
				295F216D21A265E6006391D1 /* SSDragBadgeView.swift */,
			);
			path = DragBadgeView;
			sourceTree = "<group>";
		};
		295F216C21A264BF006391D1 /* Helper */ = {
			isa = PBXGroup;
			children = (
				295F216921A2616E006391D1 /* PRTween.h */,
				295F216621A2616E006391D1 /* PRTween.m */,
				295F216721A2616E006391D1 /* PRTweenTimingFunctions.h */,
				295F216821A2616E006391D1 /* PRTweenTimingFunctions.m */,
			);
			path = Helper;
			sourceTree = "<group>";
		};
		295F217A21A6AF95006391D1 /* SloppySwipe */ = {
			isa = PBXGroup;
			children = (
				295F217B21A6B180006391D1 /* SSSwipeAnimator.swift */,
				295F217D21A7A1CE006391D1 /* SSSloppySwiper.swift */,
			);
			path = SloppySwipe;
			sourceTree = "<group>";
		};
		295F217F21A7CBD2006391D1 /* Transition */ = {
			isa = PBXGroup;
			children = (
				29C5C75721D3664100854848 /* CircularSwipe */,
				2936F49821ABDC6500F69917 /* PictureSwipe */,
				295F217A21A6AF95006391D1 /* SloppySwipe */,
				295F218021A7CBE9006391D1 /* TransitionViewController.swift */,
				295F218221A7CCE2006391D1 /* SloppySwipeVC1.swift */,
				295F218421A7CCF9006391D1 /* SloppySwipeVC2.swift */,
				2936F49921ABDF1200F69917 /* PictureSwipeVC1.swift */,
				2936F49B21ABE3BC00F69917 /* PictureSwipeVC2.swift */,
				29C5C75A21D369B900854848 /* CircularSwipeVC1.swift */,
				29C5C75C21D369D800854848 /* CircularSwipeVC2.swift */,
			);
			path = Transition;
			sourceTree = "<group>";
		};
		295F218621A7FFC2006391D1 /* PopButton */ = {
			isa = PBXGroup;
			children = (
				295F218921A8E793006391D1 /* PopButton */,
				295F218A21A8E7C5006391D1 /* PopButtonViewController.swift */,
			);
			path = PopButton;
			sourceTree = "<group>";
		};
		295F218921A8E793006391D1 /* PopButton */ = {
			isa = PBXGroup;
			children = (
				295F218721A7FFE4006391D1 /* SSPopButton.swift */,
			);
			path = PopButton;
			sourceTree = "<group>";
		};
		295F218C21A92EF2006391D1 /* Button */ = {
			isa = PBXGroup;
			children = (
				2936F4B921B4C02600F69917 /* RippleButton */,
				2936F4B121B273B900F69917 /* LiquidButton */,
				295F218F21A931B5006391D1 /* CheckBox */,
				295F218621A7FFC2006391D1 /* PopButton */,
				295F218D21A92F05006391D1 /* ButtonViewController.swift */,
			);
			path = Button;
			sourceTree = "<group>";
		};
		295F218F21A931B5006391D1 /* CheckBox */ = {
			isa = PBXGroup;
			children = (
				2936F49521ABC8AE00F69917 /* CheckBox */,
				2936F49621ABC8D500F69917 /* CheckBoxViewController.swift */,
			);
			path = CheckBox;
			sourceTree = "<group>";
		};
		2982922421BE101400CB16A4 /* Switch */ = {
			isa = PBXGroup;
			children = (
				2982922821BE107200CB16A4 /* FlashSwitch */,
				292EB0A221BE3C1B00ED37E8 /* SwitchViewController.swift */,
			);
			path = Switch;
			sourceTree = "<group>";
		};
		2982922821BE107200CB16A4 /* FlashSwitch */ = {
			isa = PBXGroup;
			children = (
				2982922921BE10A500CB16A4 /* SSFlashSwitch.swift */,
			);
			path = FlashSwitch;
			sourceTree = "<group>";
		};
		2987B4FA2187DEA100ACCD03 = {
			isa = PBXGroup;
			children = (
				2987B53B2187E99B00ACCD03 /* SSComponents-Bridging-Header.h */,
				2987B5052187DEA100ACCD03 /* SSComponents */,
				2987B51A2187DEA100ACCD03 /* SSComponentsTests */,
				2987B5252187DEA100ACCD03 /* SSComponentsUITests */,
				2987B5042187DEA100ACCD03 /* Products */,
				6B2B8DA6BAE77A0C964F7DD0 /* Pods */,
				FF7AFEA40CCC13ECB16BD2CE /* Frameworks */,
			);
			sourceTree = "<group>";
		};
		2987B5042187DEA100ACCD03 /* Products */ = {
			isa = PBXGroup;
			children = (
				2987B5032187DEA100ACCD03 /* SSComponents.app */,
				2987B5172187DEA100ACCD03 /* SSComponentsTests.xctest */,
				2987B5222187DEA100ACCD03 /* SSComponentsUITests.xctest */,
			);
			name = Products;
			sourceTree = "<group>";
		};
		2987B5052187DEA100ACCD03 /* SSComponents */ = {
			isa = PBXGroup;
			children = (
				295F211F219FB08D006391D1 /* ViewController */,
				2987B5342187DEF700ACCD03 /* SSKit */,
				2987B5062187DEA100ACCD03 /* AppDelegate.swift */,
				2987B5082187DEA100ACCD03 /* ViewController.swift */,
				2987B50A2187DEA100ACCD03 /* Main.storyboard */,
				2987B50D2187DEA100ACCD03 /* Assets.xcassets */,
				2987B50F2187DEA100ACCD03 /* LaunchScreen.storyboard */,
				2987B5122187DEA100ACCD03 /* Info.plist */,
			);
			path = SSComponents;
			sourceTree = "<group>";
		};
		2987B51A2187DEA100ACCD03 /* SSComponentsTests */ = {
			isa = PBXGroup;
			children = (
				2987B51B2187DEA100ACCD03 /* SSComponentsTests.swift */,
				2987B51D2187DEA100ACCD03 /* Info.plist */,
			);
			path = SSComponentsTests;
			sourceTree = "<group>";
		};
		2987B5252187DEA100ACCD03 /* SSComponentsUITests */ = {
			isa = PBXGroup;
			children = (
				2987B5262187DEA100ACCD03 /* SSComponentsUITests.swift */,
				2987B5282187DEA200ACCD03 /* Info.plist */,
			);
			path = SSComponentsUITests;
			sourceTree = "<group>";
		};
		2987B5342187DEF700ACCD03 /* SSKit */ = {
			isa = PBXGroup;
			children = (
				2987B5352187DF1200ACCD03 /* UIView+Extension.swift */,
				2987B5372187E13D00ACCD03 /* UIColor+Extension.swift */,
				2987B5392187E19500ACCD03 /* String+Extension.swift */,
				2987B53F2187EA4300ACCD03 /* Data+Extension.swift */,
				2987B5412187ED0F00ACCD03 /* DispatchQueue+Extension.swift */,
				2987B5432187ED3100ACCD03 /* UIImage+Extension.swift */,
				29BE0F7F2192DF8100572E37 /* Notification+Extension.swift */,
				29BE0F812192E4E900572E37 /* URL+Extension.swift */,
				29BE0F832192E6F200572E37 /* FileManager+Extension.swift */,
				29BE0F852192F23A00572E37 /* Date+Extension.swift */,
				29BE0F872193E39800572E37 /* DateFormatter+Extension.swift */,
				29BE0F892193E95300572E37 /* NSObject+Extension.swift */,
				29BE0F8B2194463800572E37 /* Timer+Extension.swift */,
				29BE0F8D219537FF00572E37 /* UIScreen+Extension.swift */,
				29BE0F8F21953C2A00572E37 /* UIResponder+Extension.swift */,
				29BE0F91219576C600572E37 /* UIBezierPath+Extension.swift */,
				29BE0F9321959BFE00572E37 /* UIScrollView+Extension.swift */,
				29BE0F95219665FD00572E37 /* UIButton+Extension.swift */,
				29BE0F9721966E1300572E37 /* BadgeProtocol.swift */,
				29E166DD219D4C5200B0CC60 /* UITextField+Extension.swift */,
				29E166DF219D5A0B00B0CC60 /* CAGradientLayer+Extension.swift */,
				29E166E1219D5E1E00B0CC60 /* UIDevice+Extension.swift */,
				29E166E7219E47DF00B0CC60 /* Array+Extension.swift */,
				29E166E9219E5CEE00B0CC60 /* UITableView+Extension.swift */,
				2936F4B721B2958800F69917 /* UINavigationController+Extension.swift */,
				29D37DE421B7857000F4E87C /* UIWindow+Extension.swift */,
				29E166ED219E6B6300B0CC60 /* BitManager.swift */,
				295F213321A0115A006391D1 /* Scheduler.swift */,
				29D37DE221B7830D00F4E87C /* Then.swift */,
				2926D5DA21C7AAB2002E802C /* Utils.swift */,
			);
			path = SSKit;
			sourceTree = "<group>";
		};
		29C5C75721D3664100854848 /* CircularSwipe */ = {
			isa = PBXGroup;
			children = (
				29C5C75821D3668400854848 /* SSCircularSwipe.swift */,
			);
			path = CircularSwipe;
			sourceTree = "<group>";
		};
		29C5C75E21D37D8400854848 /* Limiter */ = {
			isa = PBXGroup;
			children = (
				29C5C75F21D37DA600854848 /* Limiter.swift */,
			);
			path = Limiter;
			sourceTree = "<group>";
		};
		29D37DDA21B695CB00F4E87C /* TextField */ = {
			isa = PBXGroup;
			children = (
				29D37DDB21B695EC00F4E87C /* ResizeTextField */,
				2979A66D21B93A9E00F9E110 /* TextFieldViewController.swift */,
			);
			path = TextField;
			sourceTree = "<group>";
		};
		29D37DDB21B695EC00F4E87C /* ResizeTextField */ = {
			isa = PBXGroup;
			children = (
				29D37DDC21B6976200F4E87C /* SSAutoResizeTextField.swift */,
				29D37DDE21B6979900F4E87C /* AutoResizeTextView.swift */,
				29D37DE021B776F600F4E87C /* TextSuggestView.swift */,
			);
			path = ResizeTextField;
			sourceTree = "<group>";
		};
		29E166EF219EA92C00B0CC60 /* SSCalendar */ = {
			isa = PBXGroup;
			children = (
				29E166F0219EA95F00B0CC60 /* SSCalendarModel.swift */,
				29E166F2219EAF0B00B0CC60 /* SSCalendarCell.swift */,
				29E166F4219EB1A500B0CC60 /* SSCalendarScrollView.swift */,
				295F211D219FABC6006391D1 /* SSCalendarView.swift */,
			);
			path = SSCalendar;
			sourceTree = "<group>";
		};
		6B2B8DA6BAE77A0C964F7DD0 /* Pods */ = {
			isa = PBXGroup;
			children = (
				C51114269F958880393DE0E9 /* Pods-SSComponents.debug.xcconfig */,
				E6A6DACD36A65FB1A3567E1D /* Pods-SSComponents.release.xcconfig */,
			);
			name = Pods;
			sourceTree = "<group>";
		};
		FF7AFEA40CCC13ECB16BD2CE /* Frameworks */ = {
			isa = PBXGroup;
			children = (
				E1FCDC424E4566A93561D303 /* Pods_SSComponents.framework */,
			);
			name = Frameworks;
			sourceTree = "<group>";
		};
/* End PBXGroup section */

/* Begin PBXNativeTarget section */
		2987B5022187DEA100ACCD03 /* SSComponents */ = {
			isa = PBXNativeTarget;
			buildConfigurationList = 2987B52B2187DEA200ACCD03 /* Build configuration list for PBXNativeTarget "SSComponents" */;
			buildPhases = (
				DD256999C76A064E171AEF9E /* [CP] Check Pods Manifest.lock */,
				2987B4FF2187DEA100ACCD03 /* Sources */,
				2987B5002187DEA100ACCD03 /* Frameworks */,
				2987B5012187DEA100ACCD03 /* Resources */,
				081BD097C47D8EB30F59851B /* [CP] Embed Pods Frameworks */,
			);
			buildRules = (
			);
			dependencies = (
			);
			name = SSComponents;
			productName = SSComponents;
			productReference = 2987B5032187DEA100ACCD03 /* SSComponents.app */;
			productType = "com.apple.product-type.application";
		};
		2987B5162187DEA100ACCD03 /* SSComponentsTests */ = {
			isa = PBXNativeTarget;
			buildConfigurationList = 2987B52E2187DEA200ACCD03 /* Build configuration list for PBXNativeTarget "SSComponentsTests" */;
			buildPhases = (
				2987B5132187DEA100ACCD03 /* Sources */,
				2987B5142187DEA100ACCD03 /* Frameworks */,
				2987B5152187DEA100ACCD03 /* Resources */,
			);
			buildRules = (
			);
			dependencies = (
				2987B5192187DEA100ACCD03 /* PBXTargetDependency */,
			);
			name = SSComponentsTests;
			productName = SSComponentsTests;
			productReference = 2987B5172187DEA100ACCD03 /* SSComponentsTests.xctest */;
			productType = "com.apple.product-type.bundle.unit-test";
		};
		2987B5212187DEA100ACCD03 /* SSComponentsUITests */ = {
			isa = PBXNativeTarget;
			buildConfigurationList = 2987B5312187DEA200ACCD03 /* Build configuration list for PBXNativeTarget "SSComponentsUITests" */;
			buildPhases = (
				2987B51E2187DEA100ACCD03 /* Sources */,
				2987B51F2187DEA100ACCD03 /* Frameworks */,
				2987B5202187DEA100ACCD03 /* Resources */,
			);
			buildRules = (
			);
			dependencies = (
				2987B5242187DEA100ACCD03 /* PBXTargetDependency */,
			);
			name = SSComponentsUITests;
			productName = SSComponentsUITests;
			productReference = 2987B5222187DEA100ACCD03 /* SSComponentsUITests.xctest */;
			productType = "com.apple.product-type.bundle.ui-testing";
		};
/* End PBXNativeTarget section */

/* Begin PBXProject section */
		2987B4FB2187DEA100ACCD03 /* Project object */ = {
			isa = PBXProject;
			attributes = {
				LastSwiftUpdateCheck = 1000;
				LastUpgradeCheck = 1000;
				ORGANIZATIONNAME = y2ss;
				TargetAttributes = {
					2987B5022187DEA100ACCD03 = {
						CreatedOnToolsVersion = 10.0;
						LastSwiftMigration = 1000;
					};
					2987B5162187DEA100ACCD03 = {
						CreatedOnToolsVersion = 10.0;
						TestTargetID = 2987B5022187DEA100ACCD03;
					};
					2987B5212187DEA100ACCD03 = {
						CreatedOnToolsVersion = 10.0;
						TestTargetID = 2987B5022187DEA100ACCD03;
					};
				};
			};
			buildConfigurationList = 2987B4FE2187DEA100ACCD03 /* Build configuration list for PBXProject "SSComponents" */;
			compatibilityVersion = "Xcode 9.3";
			developmentRegion = en;
			hasScannedForEncodings = 0;
			knownRegions = (
				en,
				Base,
			);
			mainGroup = 2987B4FA2187DEA100ACCD03;
			productRefGroup = 2987B5042187DEA100ACCD03 /* Products */;
			projectDirPath = "";
			projectRoot = "";
			targets = (
				2987B5022187DEA100ACCD03 /* SSComponents */,
				2987B5162187DEA100ACCD03 /* SSComponentsTests */,
				2987B5212187DEA100ACCD03 /* SSComponentsUITests */,
			);
		};
/* End PBXProject section */

/* Begin PBXResourcesBuildPhase section */
		2987B5012187DEA100ACCD03 /* Resources */ = {
			isa = PBXResourcesBuildPhase;
			buildActionMask = 2147483647;
			files = (
				2926D5EA21C89E97002E802C /* PersistanceQueue.storyboard in Resources */,
				2987B5112187DEA100ACCD03 /* LaunchScreen.storyboard in Resources */,
				2987B50E2187DEA100ACCD03 /* Assets.xcassets in Resources */,
				2987B50C2187DEA100ACCD03 /* Main.storyboard in Resources */,
			);
			runOnlyForDeploymentPostprocessing = 0;
		};
		2987B5152187DEA100ACCD03 /* Resources */ = {
			isa = PBXResourcesBuildPhase;
			buildActionMask = 2147483647;
			files = (
			);
			runOnlyForDeploymentPostprocessing = 0;
		};
		2987B5202187DEA100ACCD03 /* Resources */ = {
			isa = PBXResourcesBuildPhase;
			buildActionMask = 2147483647;
			files = (
			);
			runOnlyForDeploymentPostprocessing = 0;
		};
/* End PBXResourcesBuildPhase section */

/* Begin PBXShellScriptBuildPhase section */
		081BD097C47D8EB30F59851B /* [CP] Embed Pods Frameworks */ = {
			isa = PBXShellScriptBuildPhase;
			buildActionMask = 2147483647;
			files = (
			);
			inputPaths = (
				"${SRCROOT}/Pods/Target Support Files/Pods-SSComponents/Pods-SSComponents-frameworks.sh",
				"${BUILT_PRODUCTS_DIR}/SnapKit/SnapKit.framework",
				"${BUILT_PRODUCTS_DIR}/SwiftyBeaver/SwiftyBeaver.framework",
				"${BUILT_PRODUCTS_DIR}/pop/pop.framework",
			);
			name = "[CP] Embed Pods Frameworks";
			outputPaths = (
				"${TARGET_BUILD_DIR}/${FRAMEWORKS_FOLDER_PATH}/SnapKit.framework",
				"${TARGET_BUILD_DIR}/${FRAMEWORKS_FOLDER_PATH}/SwiftyBeaver.framework",
				"${TARGET_BUILD_DIR}/${FRAMEWORKS_FOLDER_PATH}/pop.framework",
			);
			runOnlyForDeploymentPostprocessing = 0;
			shellPath = /bin/sh;
			shellScript = "\"${SRCROOT}/Pods/Target Support Files/Pods-SSComponents/Pods-SSComponents-frameworks.sh\"\n";
			showEnvVarsInLog = 0;
		};
		DD256999C76A064E171AEF9E /* [CP] Check Pods Manifest.lock */ = {
			isa = PBXShellScriptBuildPhase;
			buildActionMask = 2147483647;
			files = (
			);
			inputPaths = (
				"${PODS_PODFILE_DIR_PATH}/Podfile.lock",
				"${PODS_ROOT}/Manifest.lock",
			);
			name = "[CP] Check Pods Manifest.lock";
			outputPaths = (
				"$(DERIVED_FILE_DIR)/Pods-SSComponents-checkManifestLockResult.txt",
			);
			runOnlyForDeploymentPostprocessing = 0;
			shellPath = /bin/sh;
			shellScript = "diff \"${PODS_PODFILE_DIR_PATH}/Podfile.lock\" \"${PODS_ROOT}/Manifest.lock\" > /dev/null\nif [ $? != 0 ] ; then\n    # print error to STDERR\n    echo \"error: The sandbox is not in sync with the Podfile.lock. Run 'pod install' or update your CocoaPods installation.\" >&2\n    exit 1\nfi\n# This output is used by Xcode 'outputs' to avoid re-running this script phase.\necho \"SUCCESS\" > \"${SCRIPT_OUTPUT_FILE_0}\"\n";
			showEnvVarsInLog = 0;
		};
/* End PBXShellScriptBuildPhase section */

/* Begin PBXSourcesBuildPhase section */
		2987B4FF2187DEA100ACCD03 /* Sources */ = {
			isa = PBXSourcesBuildPhase;
			buildActionMask = 2147483647;
			files = (
				29BE0F842192E6F200572E37 /* FileManager+Extension.swift in Sources */,
				295F218821A7FFE4006391D1 /* SSPopButton.swift in Sources */,
				295F218B21A8E7C5006391D1 /* PopButtonViewController.swift in Sources */,
				295F2126219FBCF5006391D1 /* SSPhotoAlbumModel.swift in Sources */,
				295F216E21A265E6006391D1 /* SSDragBadgeView.swift in Sources */,
				29304B8F21E0B96D0033F2C7 /* Tree.swift in Sources */,
				29E166E2219D5E1F00B0CC60 /* UIDevice+Extension.swift in Sources */,
				2987B5362187DF1200ACCD03 /* UIView+Extension.swift in Sources */,
				292EB0A721BE418D00ED37E8 /* SliderViewController.swift in Sources */,
				29BE0F9021953C2A00572E37 /* UIResponder+Extension.swift in Sources */,
				2987B5422187ED0F00ACCD03 /* DispatchQueue+Extension.swift in Sources */,
				295F216B21A2616E006391D1 /* PRTweenTimingFunctions.m in Sources */,
				295F215B21A23EBC006391D1 /* SC1ViewController.swift in Sources */,
				2936F4AE21B2623100F69917 /* FireworksViewController.swift in Sources */,
				295F217C21A6B180006391D1 /* SSSwipeAnimator.swift in Sources */,
				295F211E219FABC6006391D1 /* SSCalendarView.swift in Sources */,
				295F2131219FEFFA006391D1 /* SSImagePickerController.swift in Sources */,
				2979A66E21B93A9E00F9E110 /* TextFieldViewController.swift in Sources */,
				29C5C75D21D369D800854848 /* CircularSwipeVC2.swift in Sources */,
				29C5C75B21D369B900854848 /* CircularSwipeVC1.swift in Sources */,
				2936F4C321B5052A00F69917 /* RippleButtonViewController.swift in Sources */,
				2926D5F621C8E599002E802C /* GirdDragViewViewController.swift in Sources */,
				29BE0F8C2194463800572E37 /* Timer+Extension.swift in Sources */,
				29E166E8219E47DF00B0CC60 /* Array+Extension.swift in Sources */,
				2987B5092187DEA100ACCD03 /* ViewController.swift in Sources */,
				29BE0F882193E39800572E37 /* DateFormatter+Extension.swift in Sources */,
				29BE0F9821966E1300572E37 /* BadgeProtocol.swift in Sources */,
				29E166F3219EAF0B00B0CC60 /* SSCalendarCell.swift in Sources */,
				2987B5442187ED3100ACCD03 /* UIImage+Extension.swift in Sources */,
				29BE0F8E219537FF00572E37 /* UIScreen+Extension.swift in Sources */,
				2936F4A321B257EC00F69917 /* SSTwinkle.swift in Sources */,
				2936F4B621B2920B00F69917 /* LiquidButtonViewController.swift in Sources */,
				29BE0F92219576C600572E37 /* UIBezierPath+Extension.swift in Sources */,
				2936F4C621B50E8500F69917 /* RippleTableViewCell.swift in Sources */,
				29E166E0219D5A0B00B0CC60 /* CAGradientLayer+Extension.swift in Sources */,
				295F212A219FC087006391D1 /* SSPhotoAlbum.swift in Sources */,
				295F2123219FB0C5006391D1 /* CalendarViewController.swift in Sources */,
				295F215F21A25307006391D1 /* SC2ViewController.swift in Sources */,
				2987B5072187DEA100ACCD03 /* AppDelegate.swift in Sources */,
				29BE0F822192E4E900572E37 /* URL+Extension.swift in Sources */,
				29E166F5219EB1A500B0CC60 /* SSCalendarScrollView.swift in Sources */,
				295F217E21A7A1CE006391D1 /* SSSloppySwiper.swift in Sources */,
				2926D5F321C8DC30002E802C /* GridDragView.swift in Sources */,
				2936F4D621B6568900F69917 /* ProgressViewController.swift in Sources */,
				295F2128219FBE1F006391D1 /* SSPhotoAlbumCache.swift in Sources */,
				2936F4CF21B5398D00F69917 /* SSProgressCircularLayer.swift in Sources */,
				295F219321A94062006391D1 /* SSCheckBox.swift in Sources */,
				295F217021A2AE25006391D1 /* DragBadgeViewController.swift in Sources */,
				2936F4BF21B4C0BE00F69917 /* SSRippleLayer.swift in Sources */,
				295F214021A01F3E006391D1 /* SwipeableViewManager.swift in Sources */,
				29C5C76021D37DA600854848 /* Limiter.swift in Sources */,
				2936F4B021B2624E00F69917 /* SSFireworks.swift in Sources */,
				2936F49E21ABEA3900F69917 /* SSPictureSwiper.swift in Sources */,
				295F218E21A92F05006391D1 /* ButtonViewController.swift in Sources */,
				29BE0F862192F23A00572E37 /* Date+Extension.swift in Sources */,
				295F212C219FC94D006391D1 /* SSPhotoCell.swift in Sources */,
				29304B8D21D4E2950033F2C7 /* Sort.swift in Sources */,
				29D37DDF21B6979900F4E87C /* AutoResizeTextView.swift in Sources */,
				29BE0F96219665FE00572E37 /* UIButton+Extension.swift in Sources */,
				292EB0AE21BE42AC00ED37E8 /* BubbleSliderViewController.swift in Sources */,
				29D37DE321B7830D00F4E87C /* Then.swift in Sources */,
				295F218521A7CCF9006391D1 /* SloppySwipeVC2.swift in Sources */,
				29E166EE219E6B6300B0CC60 /* BitManager.swift in Sources */,
				295F213E21A01F3E006391D1 /* SwipeableView.swift in Sources */,
				2987B53A2187E19500ACCD03 /* String+Extension.swift in Sources */,
				295F216A21A2616E006391D1 /* PRTween.m in Sources */,
				292EB0B021BE5F9D00ED37E8 /* SSBubbleSlider.swift in Sources */,
				295F218321A7CCE2006391D1 /* SloppySwipeVC1.swift in Sources */,
				295F215D21A23F02006391D1 /* SwipeCardView.swift in Sources */,
				295F216121A2547A006391D1 /* SC3ViewController.swift in Sources */,
				2926D5D921C1207E002E802C /* PersistanceQueue.swift in Sources */,
				292EB0AC21BE429100ED37E8 /* SSBubbleSliderAccessory.swift in Sources */,
				295F213421A0115A006391D1 /* Scheduler.swift in Sources */,
				29BE0F9421959BFE00572E37 /* UIScrollView+Extension.swift in Sources */,
				29E166F1219EA95F00B0CC60 /* SSCalendarModel.swift in Sources */,
				2936F4AA21B25FA700F69917 /* TwinkleViewController.swift in Sources */,
				2936F4D121B53B8A00F69917 /* SSProgressLayer.swift in Sources */,
				2936F4D321B6302C00F69917 /* SSProgressLinearLayer.swift in Sources */,
				29D37DE521B7857000F4E87C /* UIWindow+Extension.swift in Sources */,
				2936F49C21ABE3BC00F69917 /* PictureSwipeVC2.swift in Sources */,
				29D37DDD21B6976200F4E87C /* SSAutoResizeTextField.swift in Sources */,
				295F215921A23D4B006391D1 /* SwipeCardViewController.swift in Sources */,
				29E166DE219D4C5200B0CC60 /* UITextField+Extension.swift in Sources */,
				2987B5382187E13D00ACCD03 /* UIColor+Extension.swift in Sources */,
				2936F4A621B25F7D00F69917 /* EmitterAnimationViewController.swift in Sources */,
				29D37DE121B776F600F4E87C /* TextSuggestView.swift in Sources */,
				29C5C75921D3668400854848 /* SSCircularSwipe.swift in Sources */,
				2987B5402187EA4300ACCD03 /* Data+Extension.swift in Sources */,
				292EB0A321BE3C1B00ED37E8 /* SwitchViewController.swift in Sources */,
				2936F4B421B273DF00F69917 /* SSLiquidButton.swift in Sources */,
				2926D5EF21C89ECB002E802C /* PersistanceQueueViewController.swift in Sources */,
				296EBEED21C8E87400F152EB /* CollectionViewController.swift in Sources */,
				2982922A21BE10A500CB16A4 /* SSFlashSwitch.swift in Sources */,
				2926D5DB21C7AAB2002E802C /* Utils.swift in Sources */,
				2936F4BC21B4C04000F69917 /* SSRippleButton.swift in Sources */,
				2936F49A21ABDF1200F69917 /* PictureSwipeVC1.swift in Sources */,
				2936F4CD21B538A400F69917 /* SSProgress.swift in Sources */,
				29BE0F802192DF8100572E37 /* Notification+Extension.swift in Sources */,
				29BE0F8A2193E95300572E37 /* NSObject+Extension.swift in Sources */,
				2936F49721ABC8D500F69917 /* CheckBoxViewController.swift in Sources */,
				2936F4B821B2958800F69917 /* UINavigationController+Extension.swift in Sources */,
				29E166EA219E5CEE00B0CC60 /* UITableView+Extension.swift in Sources */,
				295F218121A7CBE9006391D1 /* TransitionViewController.swift in Sources */,
			);
			runOnlyForDeploymentPostprocessing = 0;
		};
		2987B5132187DEA100ACCD03 /* Sources */ = {
			isa = PBXSourcesBuildPhase;
			buildActionMask = 2147483647;
			files = (
				2987B51C2187DEA100ACCD03 /* SSComponentsTests.swift in Sources */,
			);
			runOnlyForDeploymentPostprocessing = 0;
		};
		2987B51E2187DEA100ACCD03 /* Sources */ = {
			isa = PBXSourcesBuildPhase;
			buildActionMask = 2147483647;
			files = (
				2987B5272187DEA100ACCD03 /* SSComponentsUITests.swift in Sources */,
			);
			runOnlyForDeploymentPostprocessing = 0;
		};
/* End PBXSourcesBuildPhase section */

/* Begin PBXTargetDependency section */
		2987B5192187DEA100ACCD03 /* PBXTargetDependency */ = {
			isa = PBXTargetDependency;
			target = 2987B5022187DEA100ACCD03 /* SSComponents */;
			targetProxy = 2987B5182187DEA100ACCD03 /* PBXContainerItemProxy */;
		};
		2987B5242187DEA100ACCD03 /* PBXTargetDependency */ = {
			isa = PBXTargetDependency;
			target = 2987B5022187DEA100ACCD03 /* SSComponents */;
			targetProxy = 2987B5232187DEA100ACCD03 /* PBXContainerItemProxy */;
		};
/* End PBXTargetDependency section */

/* Begin PBXVariantGroup section */
		2987B50A2187DEA100ACCD03 /* Main.storyboard */ = {
			isa = PBXVariantGroup;
			children = (
				2987B50B2187DEA100ACCD03 /* Base */,
			);
			name = Main.storyboard;
			sourceTree = "<group>";
		};
		2987B50F2187DEA100ACCD03 /* LaunchScreen.storyboard */ = {
			isa = PBXVariantGroup;
			children = (
				2987B5102187DEA100ACCD03 /* Base */,
			);
			name = LaunchScreen.storyboard;
			sourceTree = "<group>";
		};
/* End PBXVariantGroup section */

/* Begin XCBuildConfiguration section */
		2987B5292187DEA200ACCD03 /* Debug */ = {
			isa = XCBuildConfiguration;
			buildSettings = {
				ALWAYS_SEARCH_USER_PATHS = NO;
				CLANG_ANALYZER_NONNULL = YES;
				CLANG_ANALYZER_NUMBER_OBJECT_CONVERSION = YES_AGGRESSIVE;
				CLANG_CXX_LANGUAGE_STANDARD = "gnu++14";
				CLANG_CXX_LIBRARY = "libc++";
				CLANG_ENABLE_MODULES = YES;
				CLANG_ENABLE_OBJC_ARC = YES;
				CLANG_ENABLE_OBJC_WEAK = YES;
				CLANG_WARN_BLOCK_CAPTURE_AUTORELEASING = YES;
				CLANG_WARN_BOOL_CONVERSION = YES;
				CLANG_WARN_COMMA = YES;
				CLANG_WARN_CONSTANT_CONVERSION = YES;
				CLANG_WARN_DEPRECATED_OBJC_IMPLEMENTATIONS = YES;
				CLANG_WARN_DIRECT_OBJC_ISA_USAGE = YES_ERROR;
				CLANG_WARN_DOCUMENTATION_COMMENTS = YES;
				CLANG_WARN_EMPTY_BODY = YES;
				CLANG_WARN_ENUM_CONVERSION = YES;
				CLANG_WARN_INFINITE_RECURSION = YES;
				CLANG_WARN_INT_CONVERSION = YES;
				CLANG_WARN_NON_LITERAL_NULL_CONVERSION = YES;
				CLANG_WARN_OBJC_IMPLICIT_RETAIN_SELF = YES;
				CLANG_WARN_OBJC_LITERAL_CONVERSION = YES;
				CLANG_WARN_OBJC_ROOT_CLASS = YES_ERROR;
				CLANG_WARN_RANGE_LOOP_ANALYSIS = YES;
				CLANG_WARN_STRICT_PROTOTYPES = YES;
				CLANG_WARN_SUSPICIOUS_MOVE = YES;
				CLANG_WARN_UNGUARDED_AVAILABILITY = YES_AGGRESSIVE;
				CLANG_WARN_UNREACHABLE_CODE = YES;
				CLANG_WARN__DUPLICATE_METHOD_MATCH = YES;
				CODE_SIGN_IDENTITY = "iPhone Developer";
				COPY_PHASE_STRIP = NO;
				DEBUG_INFORMATION_FORMAT = dwarf;
				ENABLE_STRICT_OBJC_MSGSEND = YES;
				ENABLE_TESTABILITY = YES;
				GCC_C_LANGUAGE_STANDARD = gnu11;
				GCC_DYNAMIC_NO_PIC = NO;
				GCC_NO_COMMON_BLOCKS = YES;
				GCC_OPTIMIZATION_LEVEL = 0;
				GCC_PREPROCESSOR_DEFINITIONS = (
					"DEBUG=1",
					"$(inherited)",
				);
				GCC_WARN_64_TO_32_BIT_CONVERSION = YES;
				GCC_WARN_ABOUT_RETURN_TYPE = YES_ERROR;
				GCC_WARN_UNDECLARED_SELECTOR = YES;
				GCC_WARN_UNINITIALIZED_AUTOS = YES_AGGRESSIVE;
				GCC_WARN_UNUSED_FUNCTION = YES;
				GCC_WARN_UNUSED_VARIABLE = YES;
				IPHONEOS_DEPLOYMENT_TARGET = 12.0;
				MTL_ENABLE_DEBUG_INFO = INCLUDE_SOURCE;
				MTL_FAST_MATH = YES;
				ONLY_ACTIVE_ARCH = YES;
				SDKROOT = iphoneos;
				SWIFT_ACTIVE_COMPILATION_CONDITIONS = DEBUG;
				SWIFT_OPTIMIZATION_LEVEL = "-Onone";
			};
			name = Debug;
		};
		2987B52A2187DEA200ACCD03 /* Release */ = {
			isa = XCBuildConfiguration;
			buildSettings = {
				ALWAYS_SEARCH_USER_PATHS = NO;
				CLANG_ANALYZER_NONNULL = YES;
				CLANG_ANALYZER_NUMBER_OBJECT_CONVERSION = YES_AGGRESSIVE;
				CLANG_CXX_LANGUAGE_STANDARD = "gnu++14";
				CLANG_CXX_LIBRARY = "libc++";
				CLANG_ENABLE_MODULES = YES;
				CLANG_ENABLE_OBJC_ARC = YES;
				CLANG_ENABLE_OBJC_WEAK = YES;
				CLANG_WARN_BLOCK_CAPTURE_AUTORELEASING = YES;
				CLANG_WARN_BOOL_CONVERSION = YES;
				CLANG_WARN_COMMA = YES;
				CLANG_WARN_CONSTANT_CONVERSION = YES;
				CLANG_WARN_DEPRECATED_OBJC_IMPLEMENTATIONS = YES;
				CLANG_WARN_DIRECT_OBJC_ISA_USAGE = YES_ERROR;
				CLANG_WARN_DOCUMENTATION_COMMENTS = YES;
				CLANG_WARN_EMPTY_BODY = YES;
				CLANG_WARN_ENUM_CONVERSION = YES;
				CLANG_WARN_INFINITE_RECURSION = YES;
				CLANG_WARN_INT_CONVERSION = YES;
				CLANG_WARN_NON_LITERAL_NULL_CONVERSION = YES;
				CLANG_WARN_OBJC_IMPLICIT_RETAIN_SELF = YES;
				CLANG_WARN_OBJC_LITERAL_CONVERSION = YES;
				CLANG_WARN_OBJC_ROOT_CLASS = YES_ERROR;
				CLANG_WARN_RANGE_LOOP_ANALYSIS = YES;
				CLANG_WARN_STRICT_PROTOTYPES = YES;
				CLANG_WARN_SUSPICIOUS_MOVE = YES;
				CLANG_WARN_UNGUARDED_AVAILABILITY = YES_AGGRESSIVE;
				CLANG_WARN_UNREACHABLE_CODE = YES;
				CLANG_WARN__DUPLICATE_METHOD_MATCH = YES;
				CODE_SIGN_IDENTITY = "iPhone Developer";
				COPY_PHASE_STRIP = NO;
				DEBUG_INFORMATION_FORMAT = "dwarf-with-dsym";
				ENABLE_NS_ASSERTIONS = NO;
				ENABLE_STRICT_OBJC_MSGSEND = YES;
				GCC_C_LANGUAGE_STANDARD = gnu11;
				GCC_NO_COMMON_BLOCKS = YES;
				GCC_WARN_64_TO_32_BIT_CONVERSION = YES;
				GCC_WARN_ABOUT_RETURN_TYPE = YES_ERROR;
				GCC_WARN_UNDECLARED_SELECTOR = YES;
				GCC_WARN_UNINITIALIZED_AUTOS = YES_AGGRESSIVE;
				GCC_WARN_UNUSED_FUNCTION = YES;
				GCC_WARN_UNUSED_VARIABLE = YES;
				IPHONEOS_DEPLOYMENT_TARGET = 12.0;
				MTL_ENABLE_DEBUG_INFO = NO;
				MTL_FAST_MATH = YES;
				SDKROOT = iphoneos;
				SWIFT_COMPILATION_MODE = wholemodule;
				SWIFT_OPTIMIZATION_LEVEL = "-O";
				VALIDATE_PRODUCT = YES;
			};
			name = Release;
		};
		2987B52C2187DEA200ACCD03 /* Debug */ = {
			isa = XCBuildConfiguration;
			baseConfigurationReference = C51114269F958880393DE0E9 /* Pods-SSComponents.debug.xcconfig */;
			buildSettings = {
				ASSETCATALOG_COMPILER_APPICON_NAME = AppIcon;
				CLANG_ENABLE_MODULES = YES;
				CODE_SIGN_STYLE = Automatic;
				DEVELOPMENT_TEAM = DJYBGN25Y2;
				GCC_OPTIMIZATION_LEVEL = 0;
				INFOPLIST_FILE = SSComponents/Info.plist;
				IPHONEOS_DEPLOYMENT_TARGET = 9.0;
				LD_RUNPATH_SEARCH_PATHS = (
					"$(inherited)",
					"@executable_path/Frameworks",
				);
				PRODUCT_BUNDLE_IDENTIFIER = y2ss.SSComponents;
				PRODUCT_NAME = "$(TARGET_NAME)";
				SWIFT_OBJC_BRIDGING_HEADER = "SSComponents-Bridging-Header.h";
				SWIFT_OPTIMIZATION_LEVEL = "-Onone";
				SWIFT_VERSION = 4.2;
				SWIFT_WHOLE_MODULE_OPTIMIZATION = YES;
				TARGETED_DEVICE_FAMILY = "1,2";
			};
			name = Debug;
		};
		2987B52D2187DEA200ACCD03 /* Release */ = {
			isa = XCBuildConfiguration;
			baseConfigurationReference = E6A6DACD36A65FB1A3567E1D /* Pods-SSComponents.release.xcconfig */;
			buildSettings = {
				ASSETCATALOG_COMPILER_APPICON_NAME = AppIcon;
				CLANG_ENABLE_MODULES = YES;
				CODE_SIGN_STYLE = Automatic;
				DEVELOPMENT_TEAM = DJYBGN25Y2;
				INFOPLIST_FILE = SSComponents/Info.plist;
				IPHONEOS_DEPLOYMENT_TARGET = 9.0;
				LD_RUNPATH_SEARCH_PATHS = (
					"$(inherited)",
					"@executable_path/Frameworks",
				);
				PRODUCT_BUNDLE_IDENTIFIER = y2ss.SSComponents;
				PRODUCT_NAME = "$(TARGET_NAME)";
				SWIFT_OBJC_BRIDGING_HEADER = "SSComponents-Bridging-Header.h";
				SWIFT_VERSION = 4.2;
				SWIFT_WHOLE_MODULE_OPTIMIZATION = YES;
				TARGETED_DEVICE_FAMILY = "1,2";
			};
			name = Release;
		};
		2987B52F2187DEA200ACCD03 /* Debug */ = {
			isa = XCBuildConfiguration;
			buildSettings = {
				ALWAYS_EMBED_SWIFT_STANDARD_LIBRARIES = YES;
				BUNDLE_LOADER = "$(TEST_HOST)";
				CODE_SIGN_STYLE = Automatic;
				INFOPLIST_FILE = SSComponentsTests/Info.plist;
				LD_RUNPATH_SEARCH_PATHS = (
					"$(inherited)",
					"@executable_path/Frameworks",
					"@loader_path/Frameworks",
				);
				PRODUCT_BUNDLE_IDENTIFIER = y2ss.SSComponentsTests;
				PRODUCT_NAME = "$(TARGET_NAME)";
				SWIFT_VERSION = 4.2;
				TARGETED_DEVICE_FAMILY = "1,2";
				TEST_HOST = "$(BUILT_PRODUCTS_DIR)/SSComponents.app/SSComponents";
			};
			name = Debug;
		};
		2987B5302187DEA200ACCD03 /* Release */ = {
			isa = XCBuildConfiguration;
			buildSettings = {
				ALWAYS_EMBED_SWIFT_STANDARD_LIBRARIES = YES;
				BUNDLE_LOADER = "$(TEST_HOST)";
				CODE_SIGN_STYLE = Automatic;
				INFOPLIST_FILE = SSComponentsTests/Info.plist;
				LD_RUNPATH_SEARCH_PATHS = (
					"$(inherited)",
					"@executable_path/Frameworks",
					"@loader_path/Frameworks",
				);
				PRODUCT_BUNDLE_IDENTIFIER = y2ss.SSComponentsTests;
				PRODUCT_NAME = "$(TARGET_NAME)";
				SWIFT_VERSION = 4.2;
				TARGETED_DEVICE_FAMILY = "1,2";
				TEST_HOST = "$(BUILT_PRODUCTS_DIR)/SSComponents.app/SSComponents";
			};
			name = Release;
		};
		2987B5322187DEA200ACCD03 /* Debug */ = {
			isa = XCBuildConfiguration;
			buildSettings = {
				ALWAYS_EMBED_SWIFT_STANDARD_LIBRARIES = YES;
				CODE_SIGN_STYLE = Automatic;
				INFOPLIST_FILE = SSComponentsUITests/Info.plist;
				LD_RUNPATH_SEARCH_PATHS = (
					"$(inherited)",
					"@executable_path/Frameworks",
					"@loader_path/Frameworks",
				);
				PRODUCT_BUNDLE_IDENTIFIER = y2ss.SSComponentsUITests;
				PRODUCT_NAME = "$(TARGET_NAME)";
				SWIFT_VERSION = 4.2;
				TARGETED_DEVICE_FAMILY = "1,2";
				TEST_TARGET_NAME = SSComponents;
			};
			name = Debug;
		};
		2987B5332187DEA200ACCD03 /* Release */ = {
			isa = XCBuildConfiguration;
			buildSettings = {
				ALWAYS_EMBED_SWIFT_STANDARD_LIBRARIES = YES;
				CODE_SIGN_STYLE = Automatic;
				INFOPLIST_FILE = SSComponentsUITests/Info.plist;
				LD_RUNPATH_SEARCH_PATHS = (
					"$(inherited)",
					"@executable_path/Frameworks",
					"@loader_path/Frameworks",
				);
				PRODUCT_BUNDLE_IDENTIFIER = y2ss.SSComponentsUITests;
				PRODUCT_NAME = "$(TARGET_NAME)";
				SWIFT_VERSION = 4.2;
				TARGETED_DEVICE_FAMILY = "1,2";
				TEST_TARGET_NAME = SSComponents;
			};
			name = Release;
		};
/* End XCBuildConfiguration section */

/* Begin XCConfigurationList section */
		2987B4FE2187DEA100ACCD03 /* Build configuration list for PBXProject "SSComponents" */ = {
			isa = XCConfigurationList;
			buildConfigurations = (
				2987B5292187DEA200ACCD03 /* Debug */,
				2987B52A2187DEA200ACCD03 /* Release */,
			);
			defaultConfigurationIsVisible = 0;
			defaultConfigurationName = Release;
		};
		2987B52B2187DEA200ACCD03 /* Build configuration list for PBXNativeTarget "SSComponents" */ = {
			isa = XCConfigurationList;
			buildConfigurations = (
				2987B52C2187DEA200ACCD03 /* Debug */,
				2987B52D2187DEA200ACCD03 /* Release */,
			);
			defaultConfigurationIsVisible = 0;
			defaultConfigurationName = Release;
		};
		2987B52E2187DEA200ACCD03 /* Build configuration list for PBXNativeTarget "SSComponentsTests" */ = {
			isa = XCConfigurationList;
			buildConfigurations = (
				2987B52F2187DEA200ACCD03 /* Debug */,
				2987B5302187DEA200ACCD03 /* Release */,
			);
			defaultConfigurationIsVisible = 0;
			defaultConfigurationName = Release;
		};
		2987B5312187DEA200ACCD03 /* Build configuration list for PBXNativeTarget "SSComponentsUITests" */ = {
			isa = XCConfigurationList;
			buildConfigurations = (
				2987B5322187DEA200ACCD03 /* Debug */,
				2987B5332187DEA200ACCD03 /* Release */,
			);
			defaultConfigurationIsVisible = 0;
			defaultConfigurationName = Release;
		};
/* End XCConfigurationList section */
	};
	rootObject = 2987B4FB2187DEA100ACCD03 /* Project object */;
}
